
Microsoft Visual Studio Solution File, Format Version 12.00
# Visual Studio 15
Project("{FAE04EC0-301F-11D3-BF4B-00C04F79EFBC}") = "UnityEngine.TestRunner", "UnityEngine.TestRunner.csproj", "{AB5E7B8E-D56F-4ABC-3D84-CD81E98B41FF}"
EndProject
Project("{FAE04EC0-301F-11D3-BF4B-00C04F79EFBC}") = "Assembly-CSharp", "Assembly-CSharp.csproj", "{E45A893A-7907-3189-F674-92BA5A37669F}"
EndProject
Project("{FAE04EC0-301F-11D3-BF4B-00C04F79EFBC}") = "Unity.Mathematics", "Unity.Mathematics.csproj", "{22D3CB6F-C91F-026C-B1C8-7E1A07DE9614}"
EndProject
Project("{FAE04EC0-301F-11D3-BF4B-00C04F79EFBC}") = "Unity.Timeline", "Unity.Timeline.csproj", "{05797222-B2D4-5AEF-29AE-4C08F818987E}"
EndProject
Project("{FAE04EC0-301F-11D3-BF4B-00C04F79EFBC}") = "UnityEngine.UI", "UnityEngine.UI.csproj", "{9690A3F8-3202-87EE-1F99-D3676D46AB15}"
EndProject
Project("{FAE04EC0-301F-11D3-BF4B-00C04F79EFBC}") = "Unity.TextMeshPro", "Unity.TextMeshPro.csproj", "{59ED567F-C816-37AC-B297-DEFA050B233A}"
EndProject
Project("{FAE04EC0-301F-11D3-BF4B-00C04F79EFBC}") = "Unity.2D.Animation.Runtime", "Unity.2D.Animation.Runtime.csproj", "{0017C025-1B2A-A6A7-CE79-7AB5C0B668D7}"
EndProject
Project("{FAE04EC0-301F-11D3-BF4B-00C04F79EFBC}") = "Unity.2D.IK.Runtime", "Unity.2D.IK.Runtime.csproj", "{75E24FAA-46CF-72EE-EEA4-43D8D49FF52C}"
EndProject
Project("{FAE04EC0-301F-11D3-BF4B-00C04F79EFBC}") = "Unity.2D.SpriteShape.Runtime", "Unity.2D.SpriteShape.Runtime.csproj", "{1ABC8F1B-B438-B694-E347-457D58A2E1C7}"
EndProject
Project("{FAE04EC0-301F-11D3-BF4B-00C04F79EFBC}") = "Unity.2D.PixelPerfect", "Unity.2D.PixelPerfect.csproj", "{B55175B3-E98C-5CFA-3730-B0F4F71F9504}"
EndProject
Project("{FAE04EC0-301F-11D3-BF4B-00C04F79EFBC}") = "Unity.2D.Common.Runtime", "Unity.2D.Common.Runtime.csproj", "{42159F26-FEBC-22AF-6A98-F20BEB1ECCEE}"
EndProject
Project("{FAE04EC0-301F-11D3-BF4B-00C04F79EFBC}") = "Unity.InternalAPIEngineBridge.001", "Unity.InternalAPIEngineBridge.001.csproj", "{2EA0FD54-4169-D1EC-413C-A0B8EEE84B71}"
EndProject
Project("{FAE04EC0-301F-11D3-BF4B-00C04F79EFBC}") = "UnityEditor.TestRunner", "UnityEditor.TestRunner.csproj", "{A2BFEBEF-C845-3B62-BE77-EDEC628F871E}"
EndProject
Project("{FAE04EC0-301F-11D3-BF4B-00C04F79EFBC}") = "Unity.PlasticSCM.Editor", "Unity.PlasticSCM.Editor.csproj", "{BE17B00A-9966-3403-4526-ED508DD1E350}"
EndProject
Project("{FAE04EC0-301F-11D3-BF4B-00C04F79EFBC}") = "UnityEditor.UI", "UnityEditor.UI.csproj", "{244781ED-D2AB-F647-E1C1-707CA08E3194}"
EndProject
Project("{FAE04EC0-301F-11D3-BF4B-00C04F79EFBC}") = "Unity.Services.Core.Editor", "Unity.Services.Core.Editor.csproj", "{5D9293C6-1623-F4A0-6A1C-98F52459686D}"
EndProject
Project("{FAE04EC0-301F-11D3-BF4B-00C04F79EFBC}") = "Unity.Timeline.Editor", "Unity.Timeline.Editor.csproj", "{294571E2-E5D2-57AF-8589-102C669ACEEA}"
EndProject
Project("{FAE04EC0-301F-11D3-BF4B-00C04F79EFBC}") = "Unity.VisualStudio.Editor", "Unity.VisualStudio.Editor.csproj", "{735114A3-94DB-0D2C-6A1D-CDA7609FBFB0}"
EndProject
Project("{FAE04EC0-301F-11D3-BF4B-00C04F79EFBC}") = "Unity.2D.Animation.Triangle.Editor", "Unity.2D.Animation.Triangle.Editor.csproj", "{841CE58C-AEA2-90F9-E1EA-D7660EC05F10}"
EndProject
Project("{FAE04EC0-301F-11D3-BF4B-00C04F79EFBC}") = "Unity.2D.Psdimporter.Editor", "Unity.2D.Psdimporter.Editor.csproj", "{3302DA88-28D5-771B-7268-FAAF4866BA49}"
EndProject
Project("{FAE04EC0-301F-11D3-BF4B-00C04F79EFBC}") = "Unity.2D.Animation.Editor", "Unity.2D.Animation.Editor.csproj", "{5B2B9DD0-1E2E-6ECC-CE80-68AED8CD5D8D}"
EndProject
Project("{FAE04EC0-301F-11D3-BF4B-00C04F79EFBC}") = "Unity.TextMeshPro.Editor", "Unity.TextMeshPro.Editor.csproj", "{D988F0E7-3A5D-DAE1-5DB9-ED281B5DD26C}"
EndProject
Project("{FAE04EC0-301F-11D3-BF4B-00C04F79EFBC}") = "Unity.2D.SpriteShape.Editor", "Unity.2D.SpriteShape.Editor.csproj", "{AB30394F-6F97-C430-E6C1-7D31AEB48CD2}"
EndProject
Project("{FAE04EC0-301F-11D3-BF4B-00C04F79EFBC}") = "Unity.CollabProxy.Editor", "Unity.CollabProxy.Editor.csproj", "{67DF963B-AEE0-05A0-D2CA-C18324292412}"
EndProject
Project("{FAE04EC0-301F-11D3-BF4B-00C04F79EFBC}") = "PsdPlugin", "PsdPlugin.csproj", "{8C1F65FD-952C-76F9-B01A-27AA56C50E3B}"
EndProject
Project("{FAE04EC0-301F-11D3-BF4B-00C04F79EFBC}") = "Unity.2D.Path.Editor", "Unity.2D.Path.Editor.csproj", "{854C0F2F-EB9F-F3E3-81AC-D956583C6F5A}"
EndProject
Project("{FAE04EC0-301F-11D3-BF4B-00C04F79EFBC}") = "Unity.Rider.Editor", "Unity.Rider.Editor.csproj", "{F178DD21-A9D9-E5BC-33A8-96EBEBDCCE6E}"
EndProject
Project("{FAE04EC0-301F-11D3-BF4B-00C04F79EFBC}") = "Unity.2D.IK.Editor", "Unity.2D.IK.Editor.csproj", "{5684DFDB-7207-20C9-14B6-4AB1A37762EA}"
EndProject
Project("{FAE04EC0-301F-11D3-BF4B-00C04F79EFBC}") = "Unity.2D.Sprite.Editor", "Unity.2D.Sprite.Editor.csproj", "{05794DD8-1CB7-1556-7D0A-BE9CD7F60E6A}"
EndProject
Project("{FAE04EC0-301F-11D3-BF4B-00C04F79EFBC}") = "Unity.2D.Tilemap.Editor", "Unity.2D.Tilemap.Editor.csproj", "{3D28F8C2-45AB-8588-3F1E-923544B21BDC}"
EndProject
Project("{FAE04EC0-301F-11D3-BF4B-00C04F79EFBC}") = "Unity.2D.PixelPerfect.Editor", "Unity.2D.PixelPerfect.Editor.csproj", "{88DAC42B-FBAC-881C-0509-B6457624F3D7}"
EndProject
Project("{FAE04EC0-301F-11D3-BF4B-00C04F79EFBC}") = "Unity.VSCode.Editor", "Unity.VSCode.Editor.csproj", "{84F1D60F-DBE5-D377-4446-5AD6CD80E78C}"
EndProject
Project("{FAE04EC0-301F-11D3-BF4B-00C04F79EFBC}") = "Unity.2D.Common.Editor", "Unity.2D.Common.Editor.csproj", "{AD2B6685-EA1E-0118-736F-0F44960E6EED}"
EndProject
Project("{FAE04EC0-301F-11D3-BF4B-00C04F79EFBC}") = "Unity.Mathematics.Editor", "Unity.Mathematics.Editor.csproj", "{1ED55DCB-3BDB-259B-D832-40546B44BBBD}"
EndProject
Project("{FAE04EC0-301F-11D3-BF4B-00C04F79EFBC}") = "Unity.InternalAPIEditorBridge.001", "Unity.InternalAPIEditorBridge.001.csproj", "{2209C83F-29AB-7E94-2236-4B09C94BC618}"
EndProject
Project("{FAE04EC0-301F-11D3-BF4B-00C04F79EFBC}") = "UnityEngine.TestRunner", "UnityEngine.TestRunner.Player.csproj", "{532EA848-65D7-CBC1-9417-8C3A81F14272}"
EndProject
Project("{FAE04EC0-301F-11D3-BF4B-00C04F79EFBC}") = "Assembly-CSharp", "Assembly-CSharp.Player.csproj", "{FC390126-0092-79A3-551C-A232DD6EA484}"
EndProject
Project("{FAE04EC0-301F-11D3-BF4B-00C04F79EFBC}") = "Unity.Mathematics", "Unity.Mathematics.Player.csproj", "{8C6465A8-CF10-E3F8-78C5-B54A9E986F50}"
EndProject
Project("{FAE04EC0-301F-11D3-BF4B-00C04F79EFBC}") = "Unity.Timeline", "Unity.Timeline.Player.csproj", "{E11622FA-E32C-6EC0-AD1B-6AE5005A8D1B}"
EndProject
Project("{FAE04EC0-301F-11D3-BF4B-00C04F79EFBC}") = "UnityEngine.UI", "UnityEngine.UI.Player.csproj", "{0E219BCE-FB15-4E58-0775-C262B6CD901A}"
EndProject
Project("{FAE04EC0-301F-11D3-BF4B-00C04F79EFBC}") = "Unity.TextMeshPro", "Unity.TextMeshPro.Player.csproj", "{62BCD707-77AC-BD7D-C4B0-856BD48F8823}"
EndProject
Project("{FAE04EC0-301F-11D3-BF4B-00C04F79EFBC}") = "Unity.2D.Animation.Runtime", "Unity.2D.Animation.Runtime.Player.csproj", "{2F5A7D05-5EEA-B8EE-BA15-FF1F8B8A7FF9}"
EndProject
Project("{FAE04EC0-301F-11D3-BF4B-00C04F79EFBC}") = "Unity.2D.IK.Runtime", "Unity.2D.IK.Runtime.Player.csproj", "{07A67F59-605C-4159-BABA-032318970613}"
EndProject
Project("{FAE04EC0-301F-11D3-BF4B-00C04F79EFBC}") = "Unity.2D.SpriteShape.Runtime", "Unity.2D.SpriteShape.Runtime.Player.csproj", "{134B691E-C77C-A7F9-4384-AB2B287F5F02}"
EndProject
Project("{FAE04EC0-301F-11D3-BF4B-00C04F79EFBC}") = "Unity.2D.PixelPerfect", "Unity.2D.PixelPerfect.Player.csproj", "{06CB7ECC-8933-64D2-B2F5-5B4378F52ED9}"
EndProject
Project("{FAE04EC0-301F-11D3-BF4B-00C04F79EFBC}") = "Unity.2D.Common.Runtime", "Unity.2D.Common.Runtime.Player.csproj", "{1600F4B9-4D48-7C78-3304-D1AE897EF05E}"
EndProject
Project("{FAE04EC0-301F-11D3-BF4B-00C04F79EFBC}") = "Unity.InternalAPIEngineBridge.001", "Unity.InternalAPIEngineBridge.001.Player.csproj", "{47E8A8B5-FE6F-287D-EAF0-BD4A166BFF6D}"
EndProject
Global
	GlobalSection(SolutionConfigurationPlatforms) = preSolution
		Debug|Any CPU = Debug|Any CPU
		Release|Any CPU = Release|Any CPU
	EndGlobalSection
	GlobalSection(ProjectConfigurationPlatforms) = postSolution
		{AB5E7B8E-D56F-4ABC-3D84-CD81E98B41FF}.Debug|Any CPU.ActiveCfg = Debug|Any CPU
		{AB5E7B8E-D56F-4ABC-3D84-CD81E98B41FF}.Debug|Any CPU.Build.0 = Debug|Any CPU
		{AB5E7B8E-D56F-4ABC-3D84-CD81E98B41FF}.Release|Any CPU.ActiveCfg = Release|Any CPU
		{AB5E7B8E-D56F-4ABC-3D84-CD81E98B41FF}.Release|Any CPU.Build.0 = Release|Any CPU
		{E45A893A-7907-3189-F674-92BA5A37669F}.Debug|Any CPU.ActiveCfg = Debug|Any CPU
		{E45A893A-7907-3189-F674-92BA5A37669F}.Debug|Any CPU.Build.0 = Debug|Any CPU
		{E45A893A-7907-3189-F674-92BA5A37669F}.Release|Any CPU.ActiveCfg = Release|Any CPU
		{E45A893A-7907-3189-F674-92BA5A37669F}.Release|Any CPU.Build.0 = Release|Any CPU
		{22D3CB6F-C91F-026C-B1C8-7E1A07DE9614}.Debug|Any CPU.ActiveCfg = Debug|Any CPU
		{22D3CB6F-C91F-026C-B1C8-7E1A07DE9614}.Debug|Any CPU.Build.0 = Debug|Any CPU
		{22D3CB6F-C91F-026C-B1C8-7E1A07DE9614}.Release|Any CPU.ActiveCfg = Release|Any CPU
		{22D3CB6F-C91F-026C-B1C8-7E1A07DE9614}.Release|Any CPU.Build.0 = Release|Any CPU
		{05797222-B2D4-5AEF-29AE-4C08F818987E}.Debug|Any CPU.ActiveCfg = Debug|Any CPU
		{05797222-B2D4-5AEF-29AE-4C08F818987E}.Debug|Any CPU.Build.0 = Debug|Any CPU
		{05797222-B2D4-5AEF-29AE-4C08F818987E}.Release|Any CPU.ActiveCfg = Release|Any CPU
		{05797222-B2D4-5AEF-29AE-4C08F818987E}.Release|Any CPU.Build.0 = Release|Any CPU
		{9690A3F8-3202-87EE-1F99-D3676D46AB15}.Debug|Any CPU.ActiveCfg = Debug|Any CPU
		{9690A3F8-3202-87EE-1F99-D3676D46AB15}.Debug|Any CPU.Build.0 = Debug|Any CPU
		{9690A3F8-3202-87EE-1F99-D3676D46AB15}.Release|Any CPU.ActiveCfg = Release|Any CPU
		{9690A3F8-3202-87EE-1F99-D3676D46AB15}.Release|Any CPU.Build.0 = Release|Any CPU
		{59ED567F-C816-37AC-B297-DEFA050B233A}.Debug|Any CPU.ActiveCfg = Debug|Any CPU
		{59ED567F-C816-37AC-B297-DEFA050B233A}.Debug|Any CPU.Build.0 = Debug|Any CPU
		{59ED567F-C816-37AC-B297-DEFA050B233A}.Release|Any CPU.ActiveCfg = Release|Any CPU
		{59ED567F-C816-37AC-B297-DEFA050B233A}.Release|Any CPU.Build.0 = Release|Any CPU
		{0017C025-1B2A-A6A7-CE79-7AB5C0B668D7}.Debug|Any CPU.ActiveCfg = Debug|Any CPU
		{0017C025-1B2A-A6A7-CE79-7AB5C0B668D7}.Debug|Any CPU.Build.0 = Debug|Any CPU
		{0017C025-1B2A-A6A7-CE79-7AB5C0B668D7}.Release|Any CPU.ActiveCfg = Release|Any CPU
		{0017C025-1B2A-A6A7-CE79-7AB5C0B668D7}.Release|Any CPU.Build.0 = Release|Any CPU
		{75E24FAA-46CF-72EE-EEA4-43D8D49FF52C}.Debug|Any CPU.ActiveCfg = Debug|Any CPU
		{75E24FAA-46CF-72EE-EEA4-43D8D49FF52C}.Debug|Any CPU.Build.0 = Debug|Any CPU
		{75E24FAA-46CF-72EE-EEA4-43D8D49FF52C}.Release|Any CPU.ActiveCfg = Release|Any CPU
		{75E24FAA-46CF-72EE-EEA4-43D8D49FF52C}.Release|Any CPU.Build.0 = Release|Any CPU
		{1ABC8F1B-B438-B694-E347-457D58A2E1C7}.Debug|Any CPU.ActiveCfg = Debug|Any CPU
		{1ABC8F1B-B438-B694-E347-457D58A2E1C7}.Debug|Any CPU.Build.0 = Debug|Any CPU
		{1ABC8F1B-B438-B694-E347-457D58A2E1C7}.Release|Any CPU.ActiveCfg = Release|Any CPU
		{1ABC8F1B-B438-B694-E347-457D58A2E1C7}.Release|Any CPU.Build.0 = Release|Any CPU
		{B55175B3-E98C-5CFA-3730-B0F4F71F9504}.Debug|Any CPU.ActiveCfg = Debug|Any CPU
		{B55175B3-E98C-5CFA-3730-B0F4F71F9504}.Debug|Any CPU.Build.0 = Debug|Any CPU
		{B55175B3-E98C-5CFA-3730-B0F4F71F9504}.Release|Any CPU.ActiveCfg = Release|Any CPU
		{B55175B3-E98C-5CFA-3730-B0F4F71F9504}.Release|Any CPU.Build.0 = Release|Any CPU
		{42159F26-FEBC-22AF-6A98-F20BEB1ECCEE}.Debug|Any CPU.ActiveCfg = Debug|Any CPU
		{42159F26-FEBC-22AF-6A98-F20BEB1ECCEE}.Debug|Any CPU.Build.0 = Debug|Any CPU
		{42159F26-FEBC-22AF-6A98-F20BEB1ECCEE}.Release|Any CPU.ActiveCfg = Release|Any CPU
		{42159F26-FEBC-22AF-6A98-F20BEB1ECCEE}.Release|Any CPU.Build.0 = Release|Any CPU
		{2EA0FD54-4169-D1EC-413C-A0B8EEE84B71}.Debug|Any CPU.ActiveCfg = Debug|Any CPU
		{2EA0FD54-4169-D1EC-413C-A0B8EEE84B71}.Debug|Any CPU.Build.0 = Debug|Any CPU
		{2EA0FD54-4169-D1EC-413C-A0B8EEE84B71}.Release|Any CPU.ActiveCfg = Release|Any CPU
		{2EA0FD54-4169-D1EC-413C-A0B8EEE84B71}.Release|Any CPU.Build.0 = Release|Any CPU
		{A2BFEBEF-C845-3B62-BE77-EDEC628F871E}.Debug|Any CPU.ActiveCfg = Debug|Any CPU
		{A2BFEBEF-C845-3B62-BE77-EDEC628F871E}.Debug|Any CPU.Build.0 = Debug|Any CPU
		{A2BFEBEF-C845-3B62-BE77-EDEC628F871E}.Release|Any CPU.ActiveCfg = Release|Any CPU
		{A2BFEBEF-C845-3B62-BE77-EDEC628F871E}.Release|Any CPU.Build.0 = Release|Any CPU
		{BE17B00A-9966-3403-4526-ED508DD1E350}.Debug|Any CPU.ActiveCfg = Debug|Any CPU
		{BE17B00A-9966-3403-4526-ED508DD1E350}.Debug|Any CPU.Build.0 = Debug|Any CPU
		{BE17B00A-9966-3403-4526-ED508DD1E350}.Release|Any CPU.ActiveCfg = Release|Any CPU
		{BE17B00A-9966-3403-4526-ED508DD1E350}.Release|Any CPU.Build.0 = Release|Any CPU
		{244781ED-D2AB-F647-E1C1-707CA08E3194}.Debug|Any CPU.ActiveCfg = Debug|Any CPU
		{244781ED-D2AB-F647-E1C1-707CA08E3194}.Debug|Any CPU.Build.0 = Debug|Any CPU
		{244781ED-D2AB-F647-E1C1-707CA08E3194}.Release|Any CPU.ActiveCfg = Release|Any CPU
		{244781ED-D2AB-F647-E1C1-707CA08E3194}.Release|Any CPU.Build.0 = Release|Any CPU
		{5D9293C6-1623-F4A0-6A1C-98F52459686D}.Debug|Any CPU.ActiveCfg = Debug|Any CPU
		{5D9293C6-1623-F4A0-6A1C-98F52459686D}.Debug|Any CPU.Build.0 = Debug|Any CPU
		{5D9293C6-1623-F4A0-6A1C-98F52459686D}.Release|Any CPU.ActiveCfg = Release|Any CPU
		{5D9293C6-1623-F4A0-6A1C-98F52459686D}.Release|Any CPU.Build.0 = Release|Any CPU
		{294571E2-E5D2-57AF-8589-102C669ACEEA}.Debug|Any CPU.ActiveCfg = Debug|Any CPU
		{294571E2-E5D2-57AF-8589-102C669ACEEA}.Debug|Any CPU.Build.0 = Debug|Any CPU
		{294571E2-E5D2-57AF-8589-102C669ACEEA}.Release|Any CPU.ActiveCfg = Release|Any CPU
		{294571E2-E5D2-57AF-8589-102C669ACEEA}.Release|Any CPU.Build.0 = Release|Any CPU
		{735114A3-94DB-0D2C-6A1D-CDA7609FBFB0}.Debug|Any CPU.ActiveCfg = Debug|Any CPU
		{735114A3-94DB-0D2C-6A1D-CDA7609FBFB0}.Debug|Any CPU.Build.0 = Debug|Any CPU
		{735114A3-94DB-0D2C-6A1D-CDA7609FBFB0}.Release|Any CPU.ActiveCfg = Release|Any CPU
		{735114A3-94DB-0D2C-6A1D-CDA7609FBFB0}.Release|Any CPU.Build.0 = Release|Any CPU
		{841CE58C-AEA2-90F9-E1EA-D7660EC05F10}.Debug|Any CPU.ActiveCfg = Debug|Any CPU
		{841CE58C-AEA2-90F9-E1EA-D7660EC05F10}.Debug|Any CPU.Build.0 = Debug|Any CPU
		{841CE58C-AEA2-90F9-E1EA-D7660EC05F10}.Release|Any CPU.ActiveCfg = Release|Any CPU
		{841CE58C-AEA2-90F9-E1EA-D7660EC05F10}.Release|Any CPU.Build.0 = Release|Any CPU
		{3302DA88-28D5-771B-7268-FAAF4866BA49}.Debug|Any CPU.ActiveCfg = Debug|Any CPU
		{3302DA88-28D5-771B-7268-FAAF4866BA49}.Debug|Any CPU.Build.0 = Debug|Any CPU
		{3302DA88-28D5-771B-7268-FAAF4866BA49}.Release|Any CPU.ActiveCfg = Release|Any CPU
		{3302DA88-28D5-771B-7268-FAAF4866BA49}.Release|Any CPU.Build.0 = Release|Any CPU
		{5B2B9DD0-1E2E-6ECC-CE80-68AED8CD5D8D}.Debug|Any CPU.ActiveCfg = Debug|Any CPU
		{5B2B9DD0-1E2E-6ECC-CE80-68AED8CD5D8D}.Debug|Any CPU.Build.0 = Debug|Any CPU
		{5B2B9DD0-1E2E-6ECC-CE80-68AED8CD5D8D}.Release|Any CPU.ActiveCfg = Release|Any CPU
		{5B2B9DD0-1E2E-6ECC-CE80-68AED8CD5D8D}.Release|Any CPU.Build.0 = Release|Any CPU
		{D988F0E7-3A5D-DAE1-5DB9-ED281B5DD26C}.Debug|Any CPU.ActiveCfg = Debug|Any CPU
		{D988F0E7-3A5D-DAE1-5DB9-ED281B5DD26C}.Debug|Any CPU.Build.0 = Debug|Any CPU
		{D988F0E7-3A5D-DAE1-5DB9-ED281B5DD26C}.Release|Any CPU.ActiveCfg = Release|Any CPU
		{D988F0E7-3A5D-DAE1-5DB9-ED281B5DD26C}.Release|Any CPU.Build.0 = Release|Any CPU
		{AB30394F-6F97-C430-E6C1-7D31AEB48CD2}.Debug|Any CPU.ActiveCfg = Debug|Any CPU
		{AB30394F-6F97-C430-E6C1-7D31AEB48CD2}.Debug|Any CPU.Build.0 = Debug|Any CPU
		{AB30394F-6F97-C430-E6C1-7D31AEB48CD2}.Release|Any CPU.ActiveCfg = Release|Any CPU
		{AB30394F-6F97-C430-E6C1-7D31AEB48CD2}.Release|Any CPU.Build.0 = Release|Any CPU
		{67DF963B-AEE0-05A0-D2CA-C18324292412}.Debug|Any CPU.ActiveCfg = Debug|Any CPU
		{67DF963B-AEE0-05A0-D2CA-C18324292412}.Debug|Any CPU.Build.0 = Debug|Any CPU
		{67DF963B-AEE0-05A0-D2CA-C18324292412}.Release|Any CPU.ActiveCfg = Release|Any CPU
		{67DF963B-AEE0-05A0-D2CA-C18324292412}.Release|Any CPU.Build.0 = Release|Any CPU
		{8C1F65FD-952C-76F9-B01A-27AA56C50E3B}.Debug|Any CPU.ActiveCfg = Debug|Any CPU
		{8C1F65FD-952C-76F9-B01A-27AA56C50E3B}.Debug|Any CPU.Build.0 = Debug|Any CPU
		{8C1F65FD-952C-76F9-B01A-27AA56C50E3B}.Release|Any CPU.ActiveCfg = Release|Any CPU
		{8C1F65FD-952C-76F9-B01A-27AA56C50E3B}.Release|Any CPU.Build.0 = Release|Any CPU
		{854C0F2F-EB9F-F3E3-81AC-D956583C6F5A}.Debug|Any CPU.ActiveCfg = Debug|Any CPU
		{854C0F2F-EB9F-F3E3-81AC-D956583C6F5A}.Debug|Any CPU.Build.0 = Debug|Any CPU
		{854C0F2F-EB9F-F3E3-81AC-D956583C6F5A}.Release|Any CPU.ActiveCfg = Release|Any CPU
		{854C0F2F-EB9F-F3E3-81AC-D956583C6F5A}.Release|Any CPU.Build.0 = Release|Any CPU
		{F178DD21-A9D9-E5BC-33A8-96EBEBDCCE6E}.Debug|Any CPU.ActiveCfg = Debug|Any CPU
		{F178DD21-A9D9-E5BC-33A8-96EBEBDCCE6E}.Debug|Any CPU.Build.0 = Debug|Any CPU
		{F178DD21-A9D9-E5BC-33A8-96EBEBDCCE6E}.Release|Any CPU.ActiveCfg = Release|Any CPU
		{F178DD21-A9D9-E5BC-33A8-96EBEBDCCE6E}.Release|Any CPU.Build.0 = Release|Any CPU
		{5684DFDB-7207-20C9-14B6-4AB1A37762EA}.Debug|Any CPU.ActiveCfg = Debug|Any CPU
		{5684DFDB-7207-20C9-14B6-4AB1A37762EA}.Debug|Any CPU.Build.0 = Debug|Any CPU
		{5684DFDB-7207-20C9-14B6-4AB1A37762EA}.Release|Any CPU.ActiveCfg = Release|Any CPU
		{5684DFDB-7207-20C9-14B6-4AB1A37762EA}.Release|Any CPU.Build.0 = Release|Any CPU
		{05794DD8-1CB7-1556-7D0A-BE9CD7F60E6A}.Debug|Any CPU.ActiveCfg = Debug|Any CPU
		{05794DD8-1CB7-1556-7D0A-BE9CD7F60E6A}.Debug|Any CPU.Build.0 = Debug|Any CPU
		{05794DD8-1CB7-1556-7D0A-BE9CD7F60E6A}.Release|Any CPU.ActiveCfg = Release|Any CPU
		{05794DD8-1CB7-1556-7D0A-BE9CD7F60E6A}.Release|Any CPU.Build.0 = Release|Any CPU
		{3D28F8C2-45AB-8588-3F1E-923544B21BDC}.Debug|Any CPU.ActiveCfg = Debug|Any CPU
		{3D28F8C2-45AB-8588-3F1E-923544B21BDC}.Debug|Any CPU.Build.0 = Debug|Any CPU
		{3D28F8C2-45AB-8588-3F1E-923544B21BDC}.Release|Any CPU.ActiveCfg = Release|Any CPU
		{3D28F8C2-45AB-8588-3F1E-923544B21BDC}.Release|Any CPU.Build.0 = Release|Any CPU
		{88DAC42B-FBAC-881C-0509-B6457624F3D7}.Debug|Any CPU.ActiveCfg = Debug|Any CPU
		{88DAC42B-FBAC-881C-0509-B6457624F3D7}.Debug|Any CPU.Build.0 = Debug|Any CPU
		{88DAC42B-FBAC-881C-0509-B6457624F3D7}.Release|Any CPU.ActiveCfg = Release|Any CPU
		{88DAC42B-FBAC-881C-0509-B6457624F3D7}.Release|Any CPU.Build.0 = Release|Any CPU
		{84F1D60F-DBE5-D377-4446-5AD6CD80E78C}.Debug|Any CPU.ActiveCfg = Debug|Any CPU
		{84F1D60F-DBE5-D377-4446-5AD6CD80E78C}.Debug|Any CPU.Build.0 = Debug|Any CPU
		{84F1D60F-DBE5-D377-4446-5AD6CD80E78C}.Release|Any CPU.ActiveCfg = Release|Any CPU
		{84F1D60F-DBE5-D377-4446-5AD6CD80E78C}.Release|Any CPU.Build.0 = Release|Any CPU
		{AD2B6685-EA1E-0118-736F-0F44960E6EED}.Debug|Any CPU.ActiveCfg = Debug|Any CPU
		{AD2B6685-EA1E-0118-736F-0F44960E6EED}.Debug|Any CPU.Build.0 = Debug|Any CPU
		{AD2B6685-EA1E-0118-736F-0F44960E6EED}.Release|Any CPU.ActiveCfg = Release|Any CPU
		{AD2B6685-EA1E-0118-736F-0F44960E6EED}.Release|Any CPU.Build.0 = Release|Any CPU
		{1ED55DCB-3BDB-259B-D832-40546B44BBBD}.Debug|Any CPU.ActiveCfg = Debug|Any CPU
		{1ED55DCB-3BDB-259B-D832-40546B44BBBD}.Debug|Any CPU.Build.0 = Debug|Any CPU
		{1ED55DCB-3BDB-259B-D832-40546B44BBBD}.Release|Any CPU.ActiveCfg = Release|Any CPU
		{1ED55DCB-3BDB-259B-D832-40546B44BBBD}.Release|Any CPU.Build.0 = Release|Any CPU
		{2209C83F-29AB-7E94-2236-4B09C94BC618}.Debug|Any CPU.ActiveCfg = Debug|Any CPU
		{2209C83F-29AB-7E94-2236-4B09C94BC618}.Debug|Any CPU.Build.0 = Debug|Any CPU
		{2209C83F-29AB-7E94-2236-4B09C94BC618}.Release|Any CPU.ActiveCfg = Release|Any CPU
		{2209C83F-29AB-7E94-2236-4B09C94BC618}.Release|Any CPU.Build.0 = Release|Any CPU
		{532EA848-65D7-CBC1-9417-8C3A81F14272}.Debug|Any CPU.ActiveCfg = Debug|Any CPU
		{532EA848-65D7-CBC1-9417-8C3A81F14272}.Debug|Any CPU.Build.0 = Debug|Any CPU
		{532EA848-65D7-CBC1-9417-8C3A81F14272}.Release|Any CPU.ActiveCfg = Release|Any CPU
		{532EA848-65D7-CBC1-9417-8C3A81F14272}.Release|Any CPU.Build.0 = Release|Any CPU
		{FC390126-0092-79A3-551C-A232DD6EA484}.Debug|Any CPU.ActiveCfg = Debug|Any CPU
		{FC390126-0092-79A3-551C-A232DD6EA484}.Debug|Any CPU.Build.0 = Debug|Any CPU
		{FC390126-0092-79A3-551C-A232DD6EA484}.Release|Any CPU.ActiveCfg = Release|Any CPU
		{FC390126-0092-79A3-551C-A232DD6EA484}.Release|Any CPU.Build.0 = Release|Any CPU
		{8C6465A8-CF10-E3F8-78C5-B54A9E986F50}.Debug|Any CPU.ActiveCfg = Debug|Any CPU
		{8C6465A8-CF10-E3F8-78C5-B54A9E986F50}.Debug|Any CPU.Build.0 = Debug|Any CPU
		{8C6465A8-CF10-E3F8-78C5-B54A9E986F50}.Release|Any CPU.ActiveCfg = Release|Any CPU
		{8C6465A8-CF10-E3F8-78C5-B54A9E986F50}.Release|Any CPU.Build.0 = Release|Any CPU
		{E11622FA-E32C-6EC0-AD1B-6AE5005A8D1B}.Debug|Any CPU.ActiveCfg = Debug|Any CPU
		{E11622FA-E32C-6EC0-AD1B-6AE5005A8D1B}.Debug|Any CPU.Build.0 = Debug|Any CPU
		{E11622FA-E32C-6EC0-AD1B-6AE5005A8D1B}.Release|Any CPU.ActiveCfg = Release|Any CPU
		{E11622FA-E32C-6EC0-AD1B-6AE5005A8D1B}.Release|Any CPU.Build.0 = Release|Any CPU
		{0E219BCE-FB15-4E58-0775-C262B6CD901A}.Debug|Any CPU.ActiveCfg = Debug|Any CPU
		{0E219BCE-FB15-4E58-0775-C262B6CD901A}.Debug|Any CPU.Build.0 = Debug|Any CPU
		{0E219BCE-FB15-4E58-0775-C262B6CD901A}.Release|Any CPU.ActiveCfg = Release|Any CPU
		{0E219BCE-FB15-4E58-0775-C262B6CD901A}.Release|Any CPU.Build.0 = Release|Any CPU
		{62BCD707-77AC-BD7D-C4B0-856BD48F8823}.Debug|Any CPU.ActiveCfg = Debug|Any CPU
		{62BCD707-77AC-BD7D-C4B0-856BD48F8823}.Debug|Any CPU.Build.0 = Debug|Any CPU
		{62BCD707-77AC-BD7D-C4B0-856BD48F8823}.Release|Any CPU.ActiveCfg = Release|Any CPU
		{62BCD707-77AC-BD7D-C4B0-856BD48F8823}.Release|Any CPU.Build.0 = Release|Any CPU
		{2F5A7D05-5EEA-B8EE-BA15-FF1F8B8A7FF9}.Debug|Any CPU.ActiveCfg = Debug|Any CPU
		{2F5A7D05-5EEA-B8EE-BA15-FF1F8B8A7FF9}.Debug|Any CPU.Build.0 = Debug|Any CPU
		{2F5A7D05-5EEA-B8EE-BA15-FF1F8B8A7FF9}.Release|Any CPU.ActiveCfg = Release|Any CPU
		{2F5A7D05-5EEA-B8EE-BA15-FF1F8B8A7FF9}.Release|Any CPU.Build.0 = Release|Any CPU
		{07A67F59-605C-4159-BABA-032318970613}.Debug|Any CPU.ActiveCfg = Debug|Any CPU
		{07A67F59-605C-4159-BABA-032318970613}.Debug|Any CPU.Build.0 = Debug|Any CPU
		{07A67F59-605C-4159-BABA-032318970613}.Release|Any CPU.ActiveCfg = Release|Any CPU
		{07A67F59-605C-4159-BABA-032318970613}.Release|Any CPU.Build.0 = Release|Any CPU
		{134B691E-C77C-A7F9-4384-AB2B287F5F02}.Debug|Any CPU.ActiveCfg = Debug|Any CPU
		{134B691E-C77C-A7F9-4384-AB2B287F5F02}.Debug|Any CPU.Build.0 = Debug|Any CPU
		{134B691E-C77C-A7F9-4384-AB2B287F5F02}.Release|Any CPU.ActiveCfg = Release|Any CPU
		{134B691E-C77C-A7F9-4384-AB2B287F5F02}.Release|Any CPU.Build.0 = Release|Any CPU
		{06CB7ECC-8933-64D2-B2F5-5B4378F52ED9}.Debug|Any CPU.ActiveCfg = Debug|Any CPU
		{06CB7ECC-8933-64D2-B2F5-5B4378F52ED9}.Debug|Any CPU.Build.0 = Debug|Any CPU
		{06CB7ECC-8933-64D2-B2F5-5B4378F52ED9}.Release|Any CPU.ActiveCfg = Release|Any CPU
		{06CB7ECC-8933-64D2-B2F5-5B4378F52ED9}.Release|Any CPU.Build.0 = Release|Any CPU
		{1600F4B9-4D48-7C78-3304-D1AE897EF05E}.Debug|Any CPU.ActiveCfg = Debug|Any CPU
		{1600F4B9-4D48-7C78-3304-D1AE897EF05E}.Debug|Any CPU.Build.0 = Debug|Any CPU
		{1600F4B9-4D48-7C78-3304-D1AE897EF05E}.Release|Any CPU.ActiveCfg = Release|Any CPU
		{1600F4B9-4D48-7C78-3304-D1AE897EF05E}.Release|Any CPU.Build.0 = Release|Any CPU
		{47E8A8B5-FE6F-287D-EAF0-BD4A166BFF6D}.Debug|Any CPU.ActiveCfg = Debug|Any CPU
		{47E8A8B5-FE6F-287D-EAF0-BD4A166BFF6D}.Debug|Any CPU.Build.0 = Debug|Any CPU
		{47E8A8B5-FE6F-287D-EAF0-BD4A166BFF6D}.Release|Any CPU.ActiveCfg = Release|Any CPU
		{47E8A8B5-FE6F-287D-EAF0-BD4A166BFF6D}.Release|Any CPU.Build.0 = Release|Any CPU
	EndGlobalSection
	GlobalSection(SolutionProperties) = preSolution
		HideSolutionNode = FALSE
	EndGlobalSection
EndGlobal
