
Microsoft Visual Studio Solution File, Format Version 12.00
# Visual Studio Version 16
VisualStudioVersion = 16.0.31829.152
MinimumVisualStudioVersion = 10.0.40219.1
Project("{FAE04EC0-301F-11D3-BF4B-00C04F79EFBC}") = "UnityEngine.TestRunner", "UnityEngine.TestRunner.csproj", "{1DF997B0-0E17-E0ED-86DC-061A4B5133A4}"
EndProject
Project("{FAE04EC0-301F-11D3-BF4B-00C04F79EFBC}") = "Assembly-CSharp", "Assembly-CSharp.csproj", "{E45A893A-7907-3189-F674-92BA5A37669F}"
EndProject
Project("{FAE04EC0-301F-11D3-BF4B-00C04F79EFBC}") = "Unity.Mathematics", "Unity.Mathematics.csproj", "{9D27A3FF-BAAC-6AFC-55CE-4BAA32A388D2}"
EndProject
Project("{FAE04EC0-301F-11D3-BF4B-00C04F79EFBC}") = "Unity.Timeline", "Unity.Timeline.csproj", "{5F6003F6-ABF8-CD8B-5ECB-9E65F2C37790}"
EndProject
Project("{FAE04EC0-301F-11D3-BF4B-00C04F79EFBC}") = "UnityEngine.UI", "UnityEngine.UI.csproj", "{12CCFCC7-EA4B-3F1E-0D74-10535D96A69D}"
EndProject
Project("{FAE04EC0-301F-11D3-BF4B-00C04F79EFBC}") = "Unity.TextMeshPro", "Unity.TextMeshPro.csproj", "{12A9880A-7C1D-B0A6-9AAE-415451C0DAF6}"
EndProject
Project("{FAE04EC0-301F-11D3-BF4B-00C04F79EFBC}") = "Unity.2D.Animation.Runtime", "Unity.2D.Animation.Runtime.csproj", "{683E0CFC-CD64-4C34-EC28-9CE63579B4B7}"
EndProject
Project("{FAE04EC0-301F-11D3-BF4B-00C04F79EFBC}") = "Unity.2D.IK.Runtime", "Unity.2D.IK.Runtime.csproj", "{8D073574-1604-9DE0-FDC5-43FB3DBB0B69}"
EndProject
Project("{FAE04EC0-301F-11D3-BF4B-00C04F79EFBC}") = "Unity.2D.SpriteShape.Runtime", "Unity.2D.SpriteShape.Runtime.csproj", "{CF2FFBC9-3893-FE68-2B18-DD599E0A996F}"
EndProject
Project("{FAE04EC0-301F-11D3-BF4B-00C04F79EFBC}") = "Unity.2D.PixelPerfect", "Unity.2D.PixelPerfect.csproj", "{ED8EC585-CD57-1BDF-25F5-13E6FBCC49F2}"
EndProject
Project("{FAE04EC0-301F-11D3-BF4B-00C04F79EFBC}") = "Unity.2D.Common.Runtime", "Unity.2D.Common.Runtime.csproj", "{530B11AB-05F3-FF77-D617-C172617EC378}"
EndProject
Project("{FAE04EC0-301F-11D3-BF4B-00C04F79EFBC}") = "Unity.InternalAPIEngineBridge.001", "Unity.InternalAPIEngineBridge.001.csproj", "{309E5F21-E202-8E10-B4A4-146BAC43B597}"
EndProject
Project("{FAE04EC0-301F-11D3-BF4B-00C04F79EFBC}") = "UnityEditor.TestRunner", "UnityEditor.TestRunner.csproj", "{08A2F749-5145-DED6-9FF2-932EC11A48B3}"
EndProject
Project("{FAE04EC0-301F-11D3-BF4B-00C04F79EFBC}") = "Unity.PlasticSCM.Editor", "Unity.PlasticSCM.Editor.csproj", "{BC4C1F56-88ED-204A-5B73-60EDEE4B494E}"
EndProject
Project("{FAE04EC0-301F-11D3-BF4B-00C04F79EFBC}") = "UnityEditor.UI", "UnityEditor.UI.csproj", "{91E8E8E9-4D66-B72A-EFC4-63DBF4EDC4C5}"
EndProject
Project("{FAE04EC0-301F-11D3-BF4B-00C04F79EFBC}") = "Unity.Services.Core.Editor", "Unity.Services.Core.Editor.csproj", "{DD24D03C-1879-75B9-4B83-3D7307A7D768}"
EndProject
Project("{FAE04EC0-301F-11D3-BF4B-00C04F79EFBC}") = "Unity.Timeline.Editor", "Unity.Timeline.Editor.csproj", "{AEFC1BEB-1373-FE29-7854-C13FD0BAC4D3}"
EndProject
Project("{FAE04EC0-301F-11D3-BF4B-00C04F79EFBC}") = "Unity.VisualStudio.Editor", "Unity.VisualStudio.Editor.csproj", "{2CB3D540-FA76-970C-6900-791E5FA6D6B8}"
EndProject
Project("{FAE04EC0-301F-11D3-BF4B-00C04F79EFBC}") = "Unity.2D.Animation.Triangle.Editor", "Unity.2D.Animation.Triangle.Editor.csproj", "{6FB81672-613D-2FCD-CD35-C0D85E897553}"
EndProject
Project("{FAE04EC0-301F-11D3-BF4B-00C04F79EFBC}") = "Unity.2D.Psdimporter.Editor", "Unity.2D.Psdimporter.Editor.csproj", "{3F3BE54E-F77E-0925-2995-58E0D6C9B118}"
EndProject
Project("{FAE04EC0-301F-11D3-BF4B-00C04F79EFBC}") = "Unity.2D.Animation.Editor", "Unity.2D.Animation.Editor.csproj", "{32A1F812-0C45-0663-99CF-7E7AD121B8CE}"
EndProject
Project("{FAE04EC0-301F-11D3-BF4B-00C04F79EFBC}") = "Unity.TextMeshPro.Editor", "Unity.TextMeshPro.Editor.csproj", "{DB824D2D-AEB9-DF06-BA71-D8EA30B57B79}"
EndProject
Project("{FAE04EC0-301F-11D3-BF4B-00C04F79EFBC}") = "Unity.2D.SpriteShape.Editor", "Unity.2D.SpriteShape.Editor.csproj", "{C6E7CC4B-1F42-A333-CBB1-12221C5AF948}"
EndProject
Project("{FAE04EC0-301F-11D3-BF4B-00C04F79EFBC}") = "Unity.CollabProxy.Editor", "Unity.CollabProxy.Editor.csproj", "{E14B1CDA-069F-16EC-7C86-1E3436CFDDFA}"
EndProject
Project("{FAE04EC0-301F-11D3-BF4B-00C04F79EFBC}") = "PsdPlugin", "PsdPlugin.csproj", "{CB8B76CB-00CD-D294-B34C-E617A11F2316}"
EndProject
Project("{FAE04EC0-301F-11D3-BF4B-00C04F79EFBC}") = "Unity.2D.Path.Editor", "Unity.2D.Path.Editor.csproj", "{071C9E19-B6B9-1530-1AE9-DA3B447EE99F}"
EndProject
Project("{FAE04EC0-301F-11D3-BF4B-00C04F79EFBC}") = "Unity.Rider.Editor", "Unity.Rider.Editor.csproj", "{A2565D1F-78D0-E7E9-5924-8BDB358F2681}"
EndProject
Project("{FAE04EC0-301F-11D3-BF4B-00C04F79EFBC}") = "Unity.2D.IK.Editor", "Unity.2D.IK.Editor.csproj", "{D34D67F1-14C2-EC5A-A1BD-911C4A48411D}"
EndProject
Project("{FAE04EC0-301F-11D3-BF4B-00C04F79EFBC}") = "Unity.2D.Sprite.Editor", "Unity.2D.Sprite.Editor.csproj", "{B2D12459-1B31-B77F-FBD9-AB62994C6710}"
EndProject
Project("{FAE04EC0-301F-11D3-BF4B-00C04F79EFBC}") = "Unity.2D.Tilemap.Editor", "Unity.2D.Tilemap.Editor.csproj", "{377C89CD-AFC8-F024-41E3-2BB3BAE56966}"
EndProject
Project("{FAE04EC0-301F-11D3-BF4B-00C04F79EFBC}") = "Unity.2D.PixelPerfect.Editor", "Unity.2D.PixelPerfect.Editor.csproj", "{942DF385-80B2-2BA0-7611-54DE4B99E43C}"
EndProject
Project("{FAE04EC0-301F-11D3-BF4B-00C04F79EFBC}") = "Unity.VSCode.Editor", "Unity.VSCode.Editor.csproj", "{CC077D80-6ACB-D820-62EC-CD05E47142EC}"
EndProject
Project("{FAE04EC0-301F-11D3-BF4B-00C04F79EFBC}") = "Unity.2D.Common.Editor", "Unity.2D.Common.Editor.csproj", "{BF571590-0BF0-1BB2-AEE4-491803A9D489}"
EndProject
Project("{FAE04EC0-301F-11D3-BF4B-00C04F79EFBC}") = "Unity.Mathematics.Editor", "Unity.Mathematics.Editor.csproj", "{23003E3B-387D-2DE1-2CFC-6FAAA21496B8}"
EndProject
Project("{FAE04EC0-301F-11D3-BF4B-00C04F79EFBC}") = "Unity.InternalAPIEditorBridge.001", "Unity.InternalAPIEditorBridge.001.csproj", "{918F8636-1259-42BD-6481-20B37B210FAE}"
EndProject
Project("{FAE04EC0-301F-11D3-BF4B-00C04F79EFBC}") = "UnityEngine.TestRunner.Player", "UnityEngine.TestRunner.Player.csproj", "{BEC32429-409D-2F4A-6A79-17E0378BD4C9}"
EndProject
Project("{FAE04EC0-301F-11D3-BF4B-00C04F79EFBC}") = "Assembly-CSharp.Player", "Assembly-CSharp.Player.csproj", "{FC390126-0092-79A3-551C-A232DD6EA484}"
EndProject
Project("{FAE04EC0-301F-11D3-BF4B-00C04F79EFBC}") = "Unity.Mathematics.Player", "Unity.Mathematics.Player.csproj", "{C792EF2F-962D-33DE-4207-942B651D9DBF}"
EndProject
Project("{FAE04EC0-301F-11D3-BF4B-00C04F79EFBC}") = "Unity.Timeline.Player", "Unity.Timeline.Player.csproj", "{F7E2E7FB-AC1B-49F6-ED2D-950CDF131F4D}"
EndProject
Project("{FAE04EC0-301F-11D3-BF4B-00C04F79EFBC}") = "UnityEngine.UI.Player", "UnityEngine.UI.Player.csproj", "{021B201A-404C-5AB9-D5E2-979EA9AB3CAE}"
EndProject
Project("{FAE04EC0-301F-11D3-BF4B-00C04F79EFBC}") = "Unity.TextMeshPro.Player", "Unity.TextMeshPro.Player.csproj", "{A86BF626-A070-CF97-C96A-73EADFB8D72E}"
EndProject
Project("{FAE04EC0-301F-11D3-BF4B-00C04F79EFBC}") = "Unity.2D.Animation.Runtime.Player", "Unity.2D.Animation.Runtime.Player.csproj", "{3F4699B1-7406-5885-A131-68E042E12E5A}"
EndProject
Project("{FAE04EC0-301F-11D3-BF4B-00C04F79EFBC}") = "Unity.2D.IK.Runtime.Player", "Unity.2D.IK.Runtime.Player.csproj", "{0B94052F-ACE8-EC1F-4E2B-789775A3ABA5}"
EndProject
Project("{FAE04EC0-301F-11D3-BF4B-00C04F79EFBC}") = "Unity.2D.SpriteShape.Runtime.Player", "Unity.2D.SpriteShape.Runtime.Player.csproj", "{65C06373-DCA9-AA41-7712-C7245AE0FB98}"
EndProject
Project("{FAE04EC0-301F-11D3-BF4B-00C04F79EFBC}") = "Unity.2D.PixelPerfect.Player", "Unity.2D.PixelPerfect.Player.csproj", "{134D94C1-70E3-2BB7-1D7B-03F03171EA35}"
EndProject
Project("{FAE04EC0-301F-11D3-BF4B-00C04F79EFBC}") = "Unity.2D.Common.Runtime.Player", "Unity.2D.Common.Runtime.Player.csproj", "{F9C41F19-B767-A404-5EBE-5BC17F7FE184}"
EndProject
Project("{FAE04EC0-301F-11D3-BF4B-00C04F79EFBC}") = "Unity.InternalAPIEngineBridge.001.Player", "Unity.InternalAPIEngineBridge.001.Player.csproj", "{978DED8C-61FB-144A-7B72-68E70556448A}"
EndProject
Global
	GlobalSection(SolutionConfigurationPlatforms) = preSolution
		Debug|Any CPU = Debug|Any CPU
		Release|Any CPU = Release|Any CPU
	EndGlobalSection
	GlobalSection(ProjectConfigurationPlatforms) = postSolution
		{1DF997B0-0E17-E0ED-86DC-061A4B5133A4}.Debug|Any CPU.ActiveCfg = Debug|Any CPU
		{1DF997B0-0E17-E0ED-86DC-061A4B5133A4}.Debug|Any CPU.Build.0 = Debug|Any CPU
		{1DF997B0-0E17-E0ED-86DC-061A4B5133A4}.Release|Any CPU.ActiveCfg = Release|Any CPU
		{1DF997B0-0E17-E0ED-86DC-061A4B5133A4}.Release|Any CPU.Build.0 = Release|Any CPU
		{E45A893A-7907-3189-F674-92BA5A37669F}.Debug|Any CPU.ActiveCfg = Debug|Any CPU
		{E45A893A-7907-3189-F674-92BA5A37669F}.Debug|Any CPU.Build.0 = Debug|Any CPU
		{E45A893A-7907-3189-F674-92BA5A37669F}.Release|Any CPU.ActiveCfg = Release|Any CPU
		{E45A893A-7907-3189-F674-92BA5A37669F}.Release|Any CPU.Build.0 = Release|Any CPU
		{9D27A3FF-BAAC-6AFC-55CE-4BAA32A388D2}.Debug|Any CPU.ActiveCfg = Debug|Any CPU
		{9D27A3FF-BAAC-6AFC-55CE-4BAA32A388D2}.Debug|Any CPU.Build.0 = Debug|Any CPU
		{9D27A3FF-BAAC-6AFC-55CE-4BAA32A388D2}.Release|Any CPU.ActiveCfg = Release|Any CPU
		{9D27A3FF-BAAC-6AFC-55CE-4BAA32A388D2}.Release|Any CPU.Build.0 = Release|Any CPU
		{5F6003F6-ABF8-CD8B-5ECB-9E65F2C37790}.Debug|Any CPU.ActiveCfg = Debug|Any CPU
		{5F6003F6-ABF8-CD8B-5ECB-9E65F2C37790}.Debug|Any CPU.Build.0 = Debug|Any CPU
		{5F6003F6-ABF8-CD8B-5ECB-9E65F2C37790}.Release|Any CPU.ActiveCfg = Release|Any CPU
		{5F6003F6-ABF8-CD8B-5ECB-9E65F2C37790}.Release|Any CPU.Build.0 = Release|Any CPU
		{12CCFCC7-EA4B-3F1E-0D74-10535D96A69D}.Debug|Any CPU.ActiveCfg = Debug|Any CPU
		{12CCFCC7-EA4B-3F1E-0D74-10535D96A69D}.Debug|Any CPU.Build.0 = Debug|Any CPU
		{12CCFCC7-EA4B-3F1E-0D74-10535D96A69D}.Release|Any CPU.ActiveCfg = Release|Any CPU
		{12CCFCC7-EA4B-3F1E-0D74-10535D96A69D}.Release|Any CPU.Build.0 = Release|Any CPU
		{12A9880A-7C1D-B0A6-9AAE-415451C0DAF6}.Debug|Any CPU.ActiveCfg = Debug|Any CPU
		{12A9880A-7C1D-B0A6-9AAE-415451C0DAF6}.Debug|Any CPU.Build.0 = Debug|Any CPU
		{12A9880A-7C1D-B0A6-9AAE-415451C0DAF6}.Release|Any CPU.ActiveCfg = Release|Any CPU
		{12A9880A-7C1D-B0A6-9AAE-415451C0DAF6}.Release|Any CPU.Build.0 = Release|Any CPU
		{683E0CFC-CD64-4C34-EC28-9CE63579B4B7}.Debug|Any CPU.ActiveCfg = Debug|Any CPU
		{683E0CFC-CD64-4C34-EC28-9CE63579B4B7}.Debug|Any CPU.Build.0 = Debug|Any CPU
		{683E0CFC-CD64-4C34-EC28-9CE63579B4B7}.Release|Any CPU.ActiveCfg = Release|Any CPU
		{683E0CFC-CD64-4C34-EC28-9CE63579B4B7}.Release|Any CPU.Build.0 = Release|Any CPU
		{8D073574-1604-9DE0-FDC5-43FB3DBB0B69}.Debug|Any CPU.ActiveCfg = Debug|Any CPU
		{8D073574-1604-9DE0-FDC5-43FB3DBB0B69}.Debug|Any CPU.Build.0 = Debug|Any CPU
		{8D073574-1604-9DE0-FDC5-43FB3DBB0B69}.Release|Any CPU.ActiveCfg = Release|Any CPU
		{8D073574-1604-9DE0-FDC5-43FB3DBB0B69}.Release|Any CPU.Build.0 = Release|Any CPU
		{CF2FFBC9-3893-FE68-2B18-DD599E0A996F}.Debug|Any CPU.ActiveCfg = Debug|Any CPU
		{CF2FFBC9-3893-FE68-2B18-DD599E0A996F}.Debug|Any CPU.Build.0 = Debug|Any CPU
		{CF2FFBC9-3893-FE68-2B18-DD599E0A996F}.Release|Any CPU.ActiveCfg = Release|Any CPU
		{CF2FFBC9-3893-FE68-2B18-DD599E0A996F}.Release|Any CPU.Build.0 = Release|Any CPU
		{ED8EC585-CD57-1BDF-25F5-13E6FBCC49F2}.Debug|Any CPU.ActiveCfg = Debug|Any CPU
		{ED8EC585-CD57-1BDF-25F5-13E6FBCC49F2}.Debug|Any CPU.Build.0 = Debug|Any CPU
		{ED8EC585-CD57-1BDF-25F5-13E6FBCC49F2}.Release|Any CPU.ActiveCfg = Release|Any CPU
		{ED8EC585-CD57-1BDF-25F5-13E6FBCC49F2}.Release|Any CPU.Build.0 = Release|Any CPU
		{530B11AB-05F3-FF77-D617-C172617EC378}.Debug|Any CPU.ActiveCfg = Debug|Any CPU
		{530B11AB-05F3-FF77-D617-C172617EC378}.Debug|Any CPU.Build.0 = Debug|Any CPU
		{530B11AB-05F3-FF77-D617-C172617EC378}.Release|Any CPU.ActiveCfg = Release|Any CPU
		{530B11AB-05F3-FF77-D617-C172617EC378}.Release|Any CPU.Build.0 = Release|Any CPU
		{309E5F21-E202-8E10-B4A4-146BAC43B597}.Debug|Any CPU.ActiveCfg = Debug|Any CPU
		{309E5F21-E202-8E10-B4A4-146BAC43B597}.Debug|Any CPU.Build.0 = Debug|Any CPU
		{309E5F21-E202-8E10-B4A4-146BAC43B597}.Release|Any CPU.ActiveCfg = Release|Any CPU
		{309E5F21-E202-8E10-B4A4-146BAC43B597}.Release|Any CPU.Build.0 = Release|Any CPU
		{08A2F749-5145-DED6-9FF2-932EC11A48B3}.Debug|Any CPU.ActiveCfg = Debug|Any CPU
		{08A2F749-5145-DED6-9FF2-932EC11A48B3}.Debug|Any CPU.Build.0 = Debug|Any CPU
		{08A2F749-5145-DED6-9FF2-932EC11A48B3}.Release|Any CPU.ActiveCfg = Release|Any CPU
		{08A2F749-5145-DED6-9FF2-932EC11A48B3}.Release|Any CPU.Build.0 = Release|Any CPU
		{BC4C1F56-88ED-204A-5B73-60EDEE4B494E}.Debug|Any CPU.ActiveCfg = Debug|Any CPU
		{BC4C1F56-88ED-204A-5B73-60EDEE4B494E}.Debug|Any CPU.Build.0 = Debug|Any CPU
		{BC4C1F56-88ED-204A-5B73-60EDEE4B494E}.Release|Any CPU.ActiveCfg = Release|Any CPU
		{BC4C1F56-88ED-204A-5B73-60EDEE4B494E}.Release|Any CPU.Build.0 = Release|Any CPU
		{91E8E8E9-4D66-B72A-EFC4-63DBF4EDC4C5}.Debug|Any CPU.ActiveCfg = Debug|Any CPU
		{91E8E8E9-4D66-B72A-EFC4-63DBF4EDC4C5}.Debug|Any CPU.Build.0 = Debug|Any CPU
		{91E8E8E9-4D66-B72A-EFC4-63DBF4EDC4C5}.Release|Any CPU.ActiveCfg = Release|Any CPU
		{91E8E8E9-4D66-B72A-EFC4-63DBF4EDC4C5}.Release|Any CPU.Build.0 = Release|Any CPU
		{DD24D03C-1879-75B9-4B83-3D7307A7D768}.Debug|Any CPU.ActiveCfg = Debug|Any CPU
		{DD24D03C-1879-75B9-4B83-3D7307A7D768}.Debug|Any CPU.Build.0 = Debug|Any CPU
		{DD24D03C-1879-75B9-4B83-3D7307A7D768}.Release|Any CPU.ActiveCfg = Release|Any CPU
		{DD24D03C-1879-75B9-4B83-3D7307A7D768}.Release|Any CPU.Build.0 = Release|Any CPU
		{AEFC1BEB-1373-FE29-7854-C13FD0BAC4D3}.Debug|Any CPU.ActiveCfg = Debug|Any CPU
		{AEFC1BEB-1373-FE29-7854-C13FD0BAC4D3}.Debug|Any CPU.Build.0 = Debug|Any CPU
		{AEFC1BEB-1373-FE29-7854-C13FD0BAC4D3}.Release|Any CPU.ActiveCfg = Release|Any CPU
		{AEFC1BEB-1373-FE29-7854-C13FD0BAC4D3}.Release|Any CPU.Build.0 = Release|Any CPU
		{2CB3D540-FA76-970C-6900-791E5FA6D6B8}.Debug|Any CPU.ActiveCfg = Debug|Any CPU
		{2CB3D540-FA76-970C-6900-791E5FA6D6B8}.Debug|Any CPU.Build.0 = Debug|Any CPU
		{2CB3D540-FA76-970C-6900-791E5FA6D6B8}.Release|Any CPU.ActiveCfg = Release|Any CPU
		{2CB3D540-FA76-970C-6900-791E5FA6D6B8}.Release|Any CPU.Build.0 = Release|Any CPU
		{6FB81672-613D-2FCD-CD35-C0D85E897553}.Debug|Any CPU.ActiveCfg = Debug|Any CPU
		{6FB81672-613D-2FCD-CD35-C0D85E897553}.Debug|Any CPU.Build.0 = Debug|Any CPU
		{6FB81672-613D-2FCD-CD35-C0D85E897553}.Release|Any CPU.ActiveCfg = Release|Any CPU
		{6FB81672-613D-2FCD-CD35-C0D85E897553}.Release|Any CPU.Build.0 = Release|Any CPU
		{3F3BE54E-F77E-0925-2995-58E0D6C9B118}.Debug|Any CPU.ActiveCfg = Debug|Any CPU
		{3F3BE54E-F77E-0925-2995-58E0D6C9B118}.Debug|Any CPU.Build.0 = Debug|Any CPU
		{3F3BE54E-F77E-0925-2995-58E0D6C9B118}.Release|Any CPU.ActiveCfg = Release|Any CPU
		{3F3BE54E-F77E-0925-2995-58E0D6C9B118}.Release|Any CPU.Build.0 = Release|Any CPU
		{32A1F812-0C45-0663-99CF-7E7AD121B8CE}.Debug|Any CPU.ActiveCfg = Debug|Any CPU
		{32A1F812-0C45-0663-99CF-7E7AD121B8CE}.Debug|Any CPU.Build.0 = Debug|Any CPU
		{32A1F812-0C45-0663-99CF-7E7AD121B8CE}.Release|Any CPU.ActiveCfg = Release|Any CPU
		{32A1F812-0C45-0663-99CF-7E7AD121B8CE}.Release|Any CPU.Build.0 = Release|Any CPU
		{DB824D2D-AEB9-DF06-BA71-D8EA30B57B79}.Debug|Any CPU.ActiveCfg = Debug|Any CPU
		{DB824D2D-AEB9-DF06-BA71-D8EA30B57B79}.Debug|Any CPU.Build.0 = Debug|Any CPU
		{DB824D2D-AEB9-DF06-BA71-D8EA30B57B79}.Release|Any CPU.ActiveCfg = Release|Any CPU
		{DB824D2D-AEB9-DF06-BA71-D8EA30B57B79}.Release|Any CPU.Build.0 = Release|Any CPU
		{C6E7CC4B-1F42-A333-CBB1-12221C5AF948}.Debug|Any CPU.ActiveCfg = Debug|Any CPU
		{C6E7CC4B-1F42-A333-CBB1-12221C5AF948}.Debug|Any CPU.Build.0 = Debug|Any CPU
		{C6E7CC4B-1F42-A333-CBB1-12221C5AF948}.Release|Any CPU.ActiveCfg = Release|Any CPU
		{C6E7CC4B-1F42-A333-CBB1-12221C5AF948}.Release|Any CPU.Build.0 = Release|Any CPU
		{E14B1CDA-069F-16EC-7C86-1E3436CFDDFA}.Debug|Any CPU.ActiveCfg = Debug|Any CPU
		{E14B1CDA-069F-16EC-7C86-1E3436CFDDFA}.Debug|Any CPU.Build.0 = Debug|Any CPU
		{E14B1CDA-069F-16EC-7C86-1E3436CFDDFA}.Release|Any CPU.ActiveCfg = Release|Any CPU
		{E14B1CDA-069F-16EC-7C86-1E3436CFDDFA}.Release|Any CPU.Build.0 = Release|Any CPU
		{CB8B76CB-00CD-D294-B34C-E617A11F2316}.Debug|Any CPU.ActiveCfg = Debug|Any CPU
		{CB8B76CB-00CD-D294-B34C-E617A11F2316}.Debug|Any CPU.Build.0 = Debug|Any CPU
		{CB8B76CB-00CD-D294-B34C-E617A11F2316}.Release|Any CPU.ActiveCfg = Release|Any CPU
		{CB8B76CB-00CD-D294-B34C-E617A11F2316}.Release|Any CPU.Build.0 = Release|Any CPU
		{071C9E19-B6B9-1530-1AE9-DA3B447EE99F}.Debug|Any CPU.ActiveCfg = Debug|Any CPU
		{071C9E19-B6B9-1530-1AE9-DA3B447EE99F}.Debug|Any CPU.Build.0 = Debug|Any CPU
		{071C9E19-B6B9-1530-1AE9-DA3B447EE99F}.Release|Any CPU.ActiveCfg = Release|Any CPU
		{071C9E19-B6B9-1530-1AE9-DA3B447EE99F}.Release|Any CPU.Build.0 = Release|Any CPU
		{A2565D1F-78D0-E7E9-5924-8BDB358F2681}.Debug|Any CPU.ActiveCfg = Debug|Any CPU
		{A2565D1F-78D0-E7E9-5924-8BDB358F2681}.Debug|Any CPU.Build.0 = Debug|Any CPU
		{A2565D1F-78D0-E7E9-5924-8BDB358F2681}.Release|Any CPU.ActiveCfg = Release|Any CPU
		{A2565D1F-78D0-E7E9-5924-8BDB358F2681}.Release|Any CPU.Build.0 = Release|Any CPU
		{D34D67F1-14C2-EC5A-A1BD-911C4A48411D}.Debug|Any CPU.ActiveCfg = Debug|Any CPU
		{D34D67F1-14C2-EC5A-A1BD-911C4A48411D}.Debug|Any CPU.Build.0 = Debug|Any CPU
		{D34D67F1-14C2-EC5A-A1BD-911C4A48411D}.Release|Any CPU.ActiveCfg = Release|Any CPU
		{D34D67F1-14C2-EC5A-A1BD-911C4A48411D}.Release|Any CPU.Build.0 = Release|Any CPU
		{B2D12459-1B31-B77F-FBD9-AB62994C6710}.Debug|Any CPU.ActiveCfg = Debug|Any CPU
		{B2D12459-1B31-B77F-FBD9-AB62994C6710}.Debug|Any CPU.Build.0 = Debug|Any CPU
		{B2D12459-1B31-B77F-FBD9-AB62994C6710}.Release|Any CPU.ActiveCfg = Release|Any CPU
		{B2D12459-1B31-B77F-FBD9-AB62994C6710}.Release|Any CPU.Build.0 = Release|Any CPU
		{377C89CD-AFC8-F024-41E3-2BB3BAE56966}.Debug|Any CPU.ActiveCfg = Debug|Any CPU
		{377C89CD-AFC8-F024-41E3-2BB3BAE56966}.Debug|Any CPU.Build.0 = Debug|Any CPU
		{377C89CD-AFC8-F024-41E3-2BB3BAE56966}.Release|Any CPU.ActiveCfg = Release|Any CPU
		{377C89CD-AFC8-F024-41E3-2BB3BAE56966}.Release|Any CPU.Build.0 = Release|Any CPU
		{942DF385-80B2-2BA0-7611-54DE4B99E43C}.Debug|Any CPU.ActiveCfg = Debug|Any CPU
		{942DF385-80B2-2BA0-7611-54DE4B99E43C}.Debug|Any CPU.Build.0 = Debug|Any CPU
		{942DF385-80B2-2BA0-7611-54DE4B99E43C}.Release|Any CPU.ActiveCfg = Release|Any CPU
		{942DF385-80B2-2BA0-7611-54DE4B99E43C}.Release|Any CPU.Build.0 = Release|Any CPU
		{CC077D80-6ACB-D820-62EC-CD05E47142EC}.Debug|Any CPU.ActiveCfg = Debug|Any CPU
		{CC077D80-6ACB-D820-62EC-CD05E47142EC}.Debug|Any CPU.Build.0 = Debug|Any CPU
		{CC077D80-6ACB-D820-62EC-CD05E47142EC}.Release|Any CPU.ActiveCfg = Release|Any CPU
		{CC077D80-6ACB-D820-62EC-CD05E47142EC}.Release|Any CPU.Build.0 = Release|Any CPU
		{BF571590-0BF0-1BB2-AEE4-491803A9D489}.Debug|Any CPU.ActiveCfg = Debug|Any CPU
		{BF571590-0BF0-1BB2-AEE4-491803A9D489}.Debug|Any CPU.Build.0 = Debug|Any CPU
		{BF571590-0BF0-1BB2-AEE4-491803A9D489}.Release|Any CPU.ActiveCfg = Release|Any CPU
		{BF571590-0BF0-1BB2-AEE4-491803A9D489}.Release|Any CPU.Build.0 = Release|Any CPU
		{23003E3B-387D-2DE1-2CFC-6FAAA21496B8}.Debug|Any CPU.ActiveCfg = Debug|Any CPU
		{23003E3B-387D-2DE1-2CFC-6FAAA21496B8}.Debug|Any CPU.Build.0 = Debug|Any CPU
		{23003E3B-387D-2DE1-2CFC-6FAAA21496B8}.Release|Any CPU.ActiveCfg = Release|Any CPU
		{23003E3B-387D-2DE1-2CFC-6FAAA21496B8}.Release|Any CPU.Build.0 = Release|Any CPU
		{918F8636-1259-42BD-6481-20B37B210FAE}.Debug|Any CPU.ActiveCfg = Debug|Any CPU
		{918F8636-1259-42BD-6481-20B37B210FAE}.Debug|Any CPU.Build.0 = Debug|Any CPU
		{918F8636-1259-42BD-6481-20B37B210FAE}.Release|Any CPU.ActiveCfg = Release|Any CPU
		{918F8636-1259-42BD-6481-20B37B210FAE}.Release|Any CPU.Build.0 = Release|Any CPU
		{BEC32429-409D-2F4A-6A79-17E0378BD4C9}.Debug|Any CPU.ActiveCfg = Debug|Any CPU
		{BEC32429-409D-2F4A-6A79-17E0378BD4C9}.Debug|Any CPU.Build.0 = Debug|Any CPU
		{BEC32429-409D-2F4A-6A79-17E0378BD4C9}.Release|Any CPU.ActiveCfg = Release|Any CPU
		{BEC32429-409D-2F4A-6A79-17E0378BD4C9}.Release|Any CPU.Build.0 = Release|Any CPU
		{FC390126-0092-79A3-551C-A232DD6EA484}.Debug|Any CPU.ActiveCfg = Debug|Any CPU
		{FC390126-0092-79A3-551C-A232DD6EA484}.Debug|Any CPU.Build.0 = Debug|Any CPU
		{FC390126-0092-79A3-551C-A232DD6EA484}.Release|Any CPU.ActiveCfg = Release|Any CPU
		{FC390126-0092-79A3-551C-A232DD6EA484}.Release|Any CPU.Build.0 = Release|Any CPU
		{C792EF2F-962D-33DE-4207-942B651D9DBF}.Debug|Any CPU.ActiveCfg = Debug|Any CPU
		{C792EF2F-962D-33DE-4207-942B651D9DBF}.Debug|Any CPU.Build.0 = Debug|Any CPU
		{C792EF2F-962D-33DE-4207-942B651D9DBF}.Release|Any CPU.ActiveCfg = Release|Any CPU
		{C792EF2F-962D-33DE-4207-942B651D9DBF}.Release|Any CPU.Build.0 = Release|Any CPU
		{F7E2E7FB-AC1B-49F6-ED2D-950CDF131F4D}.Debug|Any CPU.ActiveCfg = Debug|Any CPU
		{F7E2E7FB-AC1B-49F6-ED2D-950CDF131F4D}.Debug|Any CPU.Build.0 = Debug|Any CPU
		{F7E2E7FB-AC1B-49F6-ED2D-950CDF131F4D}.Release|Any CPU.ActiveCfg = Release|Any CPU
		{F7E2E7FB-AC1B-49F6-ED2D-950CDF131F4D}.Release|Any CPU.Build.0 = Release|Any CPU
		{021B201A-404C-5AB9-D5E2-979EA9AB3CAE}.Debug|Any CPU.ActiveCfg = Debug|Any CPU
		{021B201A-404C-5AB9-D5E2-979EA9AB3CAE}.Debug|Any CPU.Build.0 = Debug|Any CPU
		{021B201A-404C-5AB9-D5E2-979EA9AB3CAE}.Release|Any CPU.ActiveCfg = Release|Any CPU
		{021B201A-404C-5AB9-D5E2-979EA9AB3CAE}.Release|Any CPU.Build.0 = Release|Any CPU
		{A86BF626-A070-CF97-C96A-73EADFB8D72E}.Debug|Any CPU.ActiveCfg = Debug|Any CPU
		{A86BF626-A070-CF97-C96A-73EADFB8D72E}.Debug|Any CPU.Build.0 = Debug|Any CPU
		{A86BF626-A070-CF97-C96A-73EADFB8D72E}.Release|Any CPU.ActiveCfg = Release|Any CPU
		{A86BF626-A070-CF97-C96A-73EADFB8D72E}.Release|Any CPU.Build.0 = Release|Any CPU
		{3F4699B1-7406-5885-A131-68E042E12E5A}.Debug|Any CPU.ActiveCfg = Debug|Any CPU
		{3F4699B1-7406-5885-A131-68E042E12E5A}.Debug|Any CPU.Build.0 = Debug|Any CPU
		{3F4699B1-7406-5885-A131-68E042E12E5A}.Release|Any CPU.ActiveCfg = Release|Any CPU
		{3F4699B1-7406-5885-A131-68E042E12E5A}.Release|Any CPU.Build.0 = Release|Any CPU
		{0B94052F-ACE8-EC1F-4E2B-789775A3ABA5}.Debug|Any CPU.ActiveCfg = Debug|Any CPU
		{0B94052F-ACE8-EC1F-4E2B-789775A3ABA5}.Debug|Any CPU.Build.0 = Debug|Any CPU
		{0B94052F-ACE8-EC1F-4E2B-789775A3ABA5}.Release|Any CPU.ActiveCfg = Release|Any CPU
		{0B94052F-ACE8-EC1F-4E2B-789775A3ABA5}.Release|Any CPU.Build.0 = Release|Any CPU
		{65C06373-DCA9-AA41-7712-C7245AE0FB98}.Debug|Any CPU.ActiveCfg = Debug|Any CPU
		{65C06373-DCA9-AA41-7712-C7245AE0FB98}.Debug|Any CPU.Build.0 = Debug|Any CPU
		{65C06373-DCA9-AA41-7712-C7245AE0FB98}.Release|Any CPU.ActiveCfg = Release|Any CPU
		{65C06373-DCA9-AA41-7712-C7245AE0FB98}.Release|Any CPU.Build.0 = Release|Any CPU
		{134D94C1-70E3-2BB7-1D7B-03F03171EA35}.Debug|Any CPU.ActiveCfg = Debug|Any CPU
		{134D94C1-70E3-2BB7-1D7B-03F03171EA35}.Debug|Any CPU.Build.0 = Debug|Any CPU
		{134D94C1-70E3-2BB7-1D7B-03F03171EA35}.Release|Any CPU.ActiveCfg = Release|Any CPU
		{134D94C1-70E3-2BB7-1D7B-03F03171EA35}.Release|Any CPU.Build.0 = Release|Any CPU
		{F9C41F19-B767-A404-5EBE-5BC17F7FE184}.Debug|Any CPU.ActiveCfg = Debug|Any CPU
		{F9C41F19-B767-A404-5EBE-5BC17F7FE184}.Debug|Any CPU.Build.0 = Debug|Any CPU
		{F9C41F19-B767-A404-5EBE-5BC17F7FE184}.Release|Any CPU.ActiveCfg = Release|Any CPU
		{F9C41F19-B767-A404-5EBE-5BC17F7FE184}.Release|Any CPU.Build.0 = Release|Any CPU
		{978DED8C-61FB-144A-7B72-68E70556448A}.Debug|Any CPU.ActiveCfg = Debug|Any CPU
		{978DED8C-61FB-144A-7B72-68E70556448A}.Debug|Any CPU.Build.0 = Debug|Any CPU
		{978DED8C-61FB-144A-7B72-68E70556448A}.Release|Any CPU.ActiveCfg = Release|Any CPU
		{978DED8C-61FB-144A-7B72-68E70556448A}.Release|Any CPU.Build.0 = Release|Any CPU
	EndGlobalSection
	GlobalSection(SolutionProperties) = preSolution
		HideSolutionNode = FALSE
	EndGlobalSection
	GlobalSection(ExtensibilityGlobals) = postSolution
		SolutionGuid = {9A4EA121-BD63-44CF-9B59-7077A12C8E0D}
	EndGlobalSection
EndGlobal
