
Microsoft Visual Studio Solution File, Format Version 12.00
# Visual Studio 15
Project("{FAE04EC0-301F-11D3-BF4B-00C04F79EFBC}") = "UnityEngine.UI", "UnityEngine.UI.csproj", "{F5EA8C2B-8906-C4D1-1F7B-F41192EE7303}"
EndProject
Project("{FAE04EC0-301F-11D3-BF4B-00C04F79EFBC}") = "UnityEngine.TestRunner", "UnityEngine.TestRunner.csproj", "{64A9E277-2C51-E470-6CAA-F6F57FE74837}"
EndProject
Project("{FAE04EC0-301F-11D3-BF4B-00C04F79EFBC}") = "Unity.Mathematics", "Unity.Mathematics.csproj", "{F98237B8-9641-F7DB-E072-3D65ED4512F2}"
EndProject
Project("{FAE04EC0-301F-11D3-BF4B-00C04F79EFBC}") = "Unity.Timeline", "Unity.Timeline.csproj", "{3A897EF9-0DC3-54F1-C3C1-B0E7C9791C2D}"
EndProject
Project("{FAE04EC0-301F-11D3-BF4B-00C04F79EFBC}") = "Unity.TextMeshPro", "Unity.TextMeshPro.csproj", "{30837A28-5228-658F-8D9C-57CE9491AA3D}"
EndProject
Project("{FAE04EC0-301F-11D3-BF4B-00C04F79EFBC}") = "Unity.2D.Animation.Runtime", "Unity.2D.Animation.Runtime.csproj", "{50D83464-C3FF-2699-F04B-7B4DAE23E5AB}"
EndProject
Project("{FAE04EC0-301F-11D3-BF4B-00C04F79EFBC}") = "Unity.2D.IK.Runtime", "Unity.2D.IK.Runtime.csproj", "{944BE7CA-3DD1-2DED-DCA4-246D0A0BB91C}"
EndProject
Project("{FAE04EC0-301F-11D3-BF4B-00C04F79EFBC}") = "Unity.2D.SpriteShape.Runtime", "Unity.2D.SpriteShape.Runtime.csproj", "{4625DD83-B704-62F8-C11C-310E5A74BFAF}"
EndProject
Project("{FAE04EC0-301F-11D3-BF4B-00C04F79EFBC}") = "Unity.2D.PixelPerfect", "Unity.2D.PixelPerfect.csproj", "{E2A57E17-EF33-5685-956B-D513D0442B84}"
EndProject
Project("{FAE04EC0-301F-11D3-BF4B-00C04F79EFBC}") = "Unity.2D.Common.Runtime", "Unity.2D.Common.Runtime.csproj", "{3494CCCB-BA49-7DCF-7863-F766FFCA1E28}"
EndProject
Project("{FAE04EC0-301F-11D3-BF4B-00C04F79EFBC}") = "Unity.InternalAPIEngineBridge.001", "Unity.InternalAPIEngineBridge.001.csproj", "{BC37D83A-1994-8BE7-D900-F6D73F3086DA}"
EndProject
Project("{FAE04EC0-301F-11D3-BF4B-00C04F79EFBC}") = "Assembly-CSharp", "Assembly-CSharp.csproj", "{DEDA1E95-1665-F12C-833E-045C4771E177}"
EndProject
Project("{FAE04EC0-301F-11D3-BF4B-00C04F79EFBC}") = "UnityEditor.TestRunner", "UnityEditor.TestRunner.csproj", "{6CCED02D-97A9-771C-E8F6-9BFDD7BF48CA}"
EndProject
Project("{FAE04EC0-301F-11D3-BF4B-00C04F79EFBC}") = "Unity.PlasticSCM.Editor", "Unity.PlasticSCM.Editor.csproj", "{0B282BDD-BAA8-5596-A88A-2FFC04BCDD2E}"
EndProject
Project("{FAE04EC0-301F-11D3-BF4B-00C04F79EFBC}") = "Unity.2D.Animation.Triangle.Editor", "Unity.2D.Animation.Triangle.Editor.csproj", "{C0F22E34-B1F0-8FE3-E86D-7250029B2074}"
EndProject
Project("{FAE04EC0-301F-11D3-BF4B-00C04F79EFBC}") = "UnityEditor.UI", "UnityEditor.UI.csproj", "{BC6CEA88-07C4-E0E6-D3B9-14682B337B9E}"
EndProject
Project("{FAE04EC0-301F-11D3-BF4B-00C04F79EFBC}") = "Unity.Services.Core.Editor", "Unity.Services.Core.Editor.csproj", "{43ECEC18-FB55-7ACF-6CBC-EAA17DB81A69}"
EndProject
Project("{FAE04EC0-301F-11D3-BF4B-00C04F79EFBC}") = "Unity.Timeline.Editor", "Unity.Timeline.Editor.csproj", "{4DC4FBC2-2B2E-0E06-EC60-EA883A723EBE}"
EndProject
Project("{FAE04EC0-301F-11D3-BF4B-00C04F79EFBC}") = "Unity.VisualStudio.Editor", "Unity.VisualStudio.Editor.csproj", "{DC90D805-8896-494C-A655-368B5D4B4CAE}"
EndProject
Project("{FAE04EC0-301F-11D3-BF4B-00C04F79EFBC}") = "Unity.2D.Psdimporter.Editor", "Unity.2D.Psdimporter.Editor.csproj", "{F389CCBA-BD14-3AA0-D328-CA29A371C8B2}"
EndProject
Project("{FAE04EC0-301F-11D3-BF4B-00C04F79EFBC}") = "Unity.2D.Animation.Editor", "Unity.2D.Animation.Editor.csproj", "{4B0421BA-8FCD-4224-AF7D-F97B8B471FE7}"
EndProject
Project("{FAE04EC0-301F-11D3-BF4B-00C04F79EFBC}") = "Unity.TextMeshPro.Editor", "Unity.TextMeshPro.Editor.csproj", "{7DF78DF6-CEA0-27D0-A1AE-18AB14D3B163}"
EndProject
Project("{FAE04EC0-301F-11D3-BF4B-00C04F79EFBC}") = "Unity.2D.SpriteShape.Editor", "Unity.2D.SpriteShape.Editor.csproj", "{BF289D80-37C6-CCC5-15A9-981AE2DF4228}"
EndProject
Project("{FAE04EC0-301F-11D3-BF4B-00C04F79EFBC}") = "Unity.CollabProxy.Editor", "Unity.CollabProxy.Editor.csproj", "{D34107BA-0A58-1D83-7D22-D849E6785622}"
EndProject
Project("{FAE04EC0-301F-11D3-BF4B-00C04F79EFBC}") = "PsdPlugin", "PsdPlugin.csproj", "{4309F572-3523-D0FF-9B8B-587C609D8C87}"
EndProject
Project("{FAE04EC0-301F-11D3-BF4B-00C04F79EFBC}") = "Unity.2D.Path.Editor", "Unity.2D.Path.Editor.csproj", "{3CB0E951-CBD0-3E66-D5FF-AFBC4929E708}"
EndProject
Project("{FAE04EC0-301F-11D3-BF4B-00C04F79EFBC}") = "Unity.Rider.Editor", "Unity.Rider.Editor.csproj", "{69192486-7816-3408-4402-47E18F4C04F2}"
EndProject
Project("{FAE04EC0-301F-11D3-BF4B-00C04F79EFBC}") = "Unity.2D.IK.Editor", "Unity.2D.IK.Editor.csproj", "{FF9E0F10-04A8-4FC8-82CB-BA43799D5DDC}"
EndProject
Project("{FAE04EC0-301F-11D3-BF4B-00C04F79EFBC}") = "Unity.2D.Sprite.Editor", "Unity.2D.Sprite.Editor.csproj", "{7970E52F-A9EA-192F-33AA-C14C25542576}"
EndProject
Project("{FAE04EC0-301F-11D3-BF4B-00C04F79EFBC}") = "Unity.2D.Tilemap.Editor", "Unity.2D.Tilemap.Editor.csproj", "{BEFED4A5-5EDD-E3E7-781F-89C897C7448D}"
EndProject
Project("{FAE04EC0-301F-11D3-BF4B-00C04F79EFBC}") = "Unity.2D.PixelPerfect.Editor", "Unity.2D.PixelPerfect.Editor.csproj", "{901854A5-7A9A-7965-F42E-EEDFCB9F8F53}"
EndProject
Project("{FAE04EC0-301F-11D3-BF4B-00C04F79EFBC}") = "Unity.VSCode.Editor", "Unity.VSCode.Editor.csproj", "{2789DEE8-ECA0-D378-39B5-89F137FA1D19}"
EndProject
Project("{FAE04EC0-301F-11D3-BF4B-00C04F79EFBC}") = "Unity.2D.Common.Editor", "Unity.2D.Common.Editor.csproj", "{C7D97EFD-0F8C-AFD7-9FB8-2D0A1FEE2193}"
EndProject
Project("{FAE04EC0-301F-11D3-BF4B-00C04F79EFBC}") = "Unity.Mathematics.Editor", "Unity.Mathematics.Editor.csproj", "{9E702B7F-ED54-30BB-3061-BC6EBC8E3E2C}"
EndProject
Project("{FAE04EC0-301F-11D3-BF4B-00C04F79EFBC}") = "Unity.InternalAPIEditorBridge.001", "Unity.InternalAPIEditorBridge.001.csproj", "{2EEEDBB9-08B7-68B3-8265-A5B24D38813F}"
EndProject
Project("{FAE04EC0-301F-11D3-BF4B-00C04F79EFBC}") = "UnityEngine.UI", "UnityEngine.UI.Player.csproj", "{0D4812EC-46E1-0560-0B2A-45B48B00DDB2}"
EndProject
Project("{FAE04EC0-301F-11D3-BF4B-00C04F79EFBC}") = "UnityEngine.TestRunner", "UnityEngine.TestRunner.Player.csproj", "{9E7EDCD6-B2EC-776A-4647-8DA113CA5EF3}"
EndProject
Project("{FAE04EC0-301F-11D3-BF4B-00C04F79EFBC}") = "Unity.Mathematics", "Unity.Mathematics.Player.csproj", "{B0A9FB88-3B7C-E083-3FB7-B8702BE6B634}"
EndProject
Project("{FAE04EC0-301F-11D3-BF4B-00C04F79EFBC}") = "Unity.Timeline", "Unity.Timeline.Player.csproj", "{C9D11C2F-6969-6BE0-6F5A-DC6343DDCD25}"
EndProject
Project("{FAE04EC0-301F-11D3-BF4B-00C04F79EFBC}") = "Unity.TextMeshPro", "Unity.TextMeshPro.Player.csproj", "{B1BC1333-8B1B-8085-97CD-286033EF4B17}"
EndProject
Project("{FAE04EC0-301F-11D3-BF4B-00C04F79EFBC}") = "Unity.2D.Animation.Runtime", "Unity.2D.Animation.Runtime.Player.csproj", "{3D8F89BB-6EE9-3260-F8B3-9A2118AAA16B}"
EndProject
Project("{FAE04EC0-301F-11D3-BF4B-00C04F79EFBC}") = "Unity.2D.IK.Runtime", "Unity.2D.IK.Runtime.Player.csproj", "{3EF8ADB9-238F-A0F5-0AD3-7114EE0483A5}"
EndProject
Project("{FAE04EC0-301F-11D3-BF4B-00C04F79EFBC}") = "Unity.2D.SpriteShape.Runtime", "Unity.2D.SpriteShape.Runtime.Player.csproj", "{8A2FE8B5-52EA-BE58-7859-9F0A96B21C47}"
EndProject
Project("{FAE04EC0-301F-11D3-BF4B-00C04F79EFBC}") = "Unity.2D.PixelPerfect", "Unity.2D.PixelPerfect.Player.csproj", "{88650325-03CA-B06F-E3C9-D342D2694993}"
EndProject
Project("{FAE04EC0-301F-11D3-BF4B-00C04F79EFBC}") = "Unity.2D.Common.Runtime", "Unity.2D.Common.Runtime.Player.csproj", "{30EB87B6-95CA-4135-0AB8-D87E2B9C691E}"
EndProject
Project("{FAE04EC0-301F-11D3-BF4B-00C04F79EFBC}") = "Unity.InternalAPIEngineBridge.001", "Unity.InternalAPIEngineBridge.001.Player.csproj", "{91B825D2-0686-78BE-883A-BAD2A733B874}"
EndProject
Project("{FAE04EC0-301F-11D3-BF4B-00C04F79EFBC}") = "Assembly-CSharp", "Assembly-CSharp.Player.csproj", "{72A28CF2-3886-3746-A74C-A5C3A3F4DBF4}"
EndProject
Global
	GlobalSection(SolutionConfigurationPlatforms) = preSolution
		Debug|Any CPU = Debug|Any CPU
		Release|Any CPU = Release|Any CPU
	EndGlobalSection
	GlobalSection(ProjectConfigurationPlatforms) = postSolution
		{F5EA8C2B-8906-C4D1-1F7B-F41192EE7303}.Debug|Any CPU.ActiveCfg = Debug|Any CPU
		{F5EA8C2B-8906-C4D1-1F7B-F41192EE7303}.Debug|Any CPU.Build.0 = Debug|Any CPU
		{F5EA8C2B-8906-C4D1-1F7B-F41192EE7303}.Release|Any CPU.ActiveCfg = Release|Any CPU
		{F5EA8C2B-8906-C4D1-1F7B-F41192EE7303}.Release|Any CPU.Build.0 = Release|Any CPU
		{64A9E277-2C51-E470-6CAA-F6F57FE74837}.Debug|Any CPU.ActiveCfg = Debug|Any CPU
		{64A9E277-2C51-E470-6CAA-F6F57FE74837}.Debug|Any CPU.Build.0 = Debug|Any CPU
		{64A9E277-2C51-E470-6CAA-F6F57FE74837}.Release|Any CPU.ActiveCfg = Release|Any CPU
		{64A9E277-2C51-E470-6CAA-F6F57FE74837}.Release|Any CPU.Build.0 = Release|Any CPU
		{F98237B8-9641-F7DB-E072-3D65ED4512F2}.Debug|Any CPU.ActiveCfg = Debug|Any CPU
		{F98237B8-9641-F7DB-E072-3D65ED4512F2}.Debug|Any CPU.Build.0 = Debug|Any CPU
		{F98237B8-9641-F7DB-E072-3D65ED4512F2}.Release|Any CPU.ActiveCfg = Release|Any CPU
		{F98237B8-9641-F7DB-E072-3D65ED4512F2}.Release|Any CPU.Build.0 = Release|Any CPU
		{3A897EF9-0DC3-54F1-C3C1-B0E7C9791C2D}.Debug|Any CPU.ActiveCfg = Debug|Any CPU
		{3A897EF9-0DC3-54F1-C3C1-B0E7C9791C2D}.Debug|Any CPU.Build.0 = Debug|Any CPU
		{3A897EF9-0DC3-54F1-C3C1-B0E7C9791C2D}.Release|Any CPU.ActiveCfg = Release|Any CPU
		{3A897EF9-0DC3-54F1-C3C1-B0E7C9791C2D}.Release|Any CPU.Build.0 = Release|Any CPU
		{30837A28-5228-658F-8D9C-57CE9491AA3D}.Debug|Any CPU.ActiveCfg = Debug|Any CPU
		{30837A28-5228-658F-8D9C-57CE9491AA3D}.Debug|Any CPU.Build.0 = Debug|Any CPU
		{30837A28-5228-658F-8D9C-57CE9491AA3D}.Release|Any CPU.ActiveCfg = Release|Any CPU
		{30837A28-5228-658F-8D9C-57CE9491AA3D}.Release|Any CPU.Build.0 = Release|Any CPU
		{50D83464-C3FF-2699-F04B-7B4DAE23E5AB}.Debug|Any CPU.ActiveCfg = Debug|Any CPU
		{50D83464-C3FF-2699-F04B-7B4DAE23E5AB}.Debug|Any CPU.Build.0 = Debug|Any CPU
		{50D83464-C3FF-2699-F04B-7B4DAE23E5AB}.Release|Any CPU.ActiveCfg = Release|Any CPU
		{50D83464-C3FF-2699-F04B-7B4DAE23E5AB}.Release|Any CPU.Build.0 = Release|Any CPU
		{944BE7CA-3DD1-2DED-DCA4-246D0A0BB91C}.Debug|Any CPU.ActiveCfg = Debug|Any CPU
		{944BE7CA-3DD1-2DED-DCA4-246D0A0BB91C}.Debug|Any CPU.Build.0 = Debug|Any CPU
		{944BE7CA-3DD1-2DED-DCA4-246D0A0BB91C}.Release|Any CPU.ActiveCfg = Release|Any CPU
		{944BE7CA-3DD1-2DED-DCA4-246D0A0BB91C}.Release|Any CPU.Build.0 = Release|Any CPU
		{4625DD83-B704-62F8-C11C-310E5A74BFAF}.Debug|Any CPU.ActiveCfg = Debug|Any CPU
		{4625DD83-B704-62F8-C11C-310E5A74BFAF}.Debug|Any CPU.Build.0 = Debug|Any CPU
		{4625DD83-B704-62F8-C11C-310E5A74BFAF}.Release|Any CPU.ActiveCfg = Release|Any CPU
		{4625DD83-B704-62F8-C11C-310E5A74BFAF}.Release|Any CPU.Build.0 = Release|Any CPU
		{E2A57E17-EF33-5685-956B-D513D0442B84}.Debug|Any CPU.ActiveCfg = Debug|Any CPU
		{E2A57E17-EF33-5685-956B-D513D0442B84}.Debug|Any CPU.Build.0 = Debug|Any CPU
		{E2A57E17-EF33-5685-956B-D513D0442B84}.Release|Any CPU.ActiveCfg = Release|Any CPU
		{E2A57E17-EF33-5685-956B-D513D0442B84}.Release|Any CPU.Build.0 = Release|Any CPU
		{3494CCCB-BA49-7DCF-7863-F766FFCA1E28}.Debug|Any CPU.ActiveCfg = Debug|Any CPU
		{3494CCCB-BA49-7DCF-7863-F766FFCA1E28}.Debug|Any CPU.Build.0 = Debug|Any CPU
		{3494CCCB-BA49-7DCF-7863-F766FFCA1E28}.Release|Any CPU.ActiveCfg = Release|Any CPU
		{3494CCCB-BA49-7DCF-7863-F766FFCA1E28}.Release|Any CPU.Build.0 = Release|Any CPU
		{BC37D83A-1994-8BE7-D900-F6D73F3086DA}.Debug|Any CPU.ActiveCfg = Debug|Any CPU
		{BC37D83A-1994-8BE7-D900-F6D73F3086DA}.Debug|Any CPU.Build.0 = Debug|Any CPU
		{BC37D83A-1994-8BE7-D900-F6D73F3086DA}.Release|Any CPU.ActiveCfg = Release|Any CPU
		{BC37D83A-1994-8BE7-D900-F6D73F3086DA}.Release|Any CPU.Build.0 = Release|Any CPU
		{DEDA1E95-1665-F12C-833E-045C4771E177}.Debug|Any CPU.ActiveCfg = Debug|Any CPU
		{DEDA1E95-1665-F12C-833E-045C4771E177}.Debug|Any CPU.Build.0 = Debug|Any CPU
		{DEDA1E95-1665-F12C-833E-045C4771E177}.Release|Any CPU.ActiveCfg = Release|Any CPU
		{DEDA1E95-1665-F12C-833E-045C4771E177}.Release|Any CPU.Build.0 = Release|Any CPU
		{6CCED02D-97A9-771C-E8F6-9BFDD7BF48CA}.Debug|Any CPU.ActiveCfg = Debug|Any CPU
		{6CCED02D-97A9-771C-E8F6-9BFDD7BF48CA}.Debug|Any CPU.Build.0 = Debug|Any CPU
		{6CCED02D-97A9-771C-E8F6-9BFDD7BF48CA}.Release|Any CPU.ActiveCfg = Release|Any CPU
		{6CCED02D-97A9-771C-E8F6-9BFDD7BF48CA}.Release|Any CPU.Build.0 = Release|Any CPU
		{0B282BDD-BAA8-5596-A88A-2FFC04BCDD2E}.Debug|Any CPU.ActiveCfg = Debug|Any CPU
		{0B282BDD-BAA8-5596-A88A-2FFC04BCDD2E}.Debug|Any CPU.Build.0 = Debug|Any CPU
		{0B282BDD-BAA8-5596-A88A-2FFC04BCDD2E}.Release|Any CPU.ActiveCfg = Release|Any CPU
		{0B282BDD-BAA8-5596-A88A-2FFC04BCDD2E}.Release|Any CPU.Build.0 = Release|Any CPU
		{C0F22E34-B1F0-8FE3-E86D-7250029B2074}.Debug|Any CPU.ActiveCfg = Debug|Any CPU
		{C0F22E34-B1F0-8FE3-E86D-7250029B2074}.Debug|Any CPU.Build.0 = Debug|Any CPU
		{C0F22E34-B1F0-8FE3-E86D-7250029B2074}.Release|Any CPU.ActiveCfg = Release|Any CPU
		{C0F22E34-B1F0-8FE3-E86D-7250029B2074}.Release|Any CPU.Build.0 = Release|Any CPU
		{BC6CEA88-07C4-E0E6-D3B9-14682B337B9E}.Debug|Any CPU.ActiveCfg = Debug|Any CPU
		{BC6CEA88-07C4-E0E6-D3B9-14682B337B9E}.Debug|Any CPU.Build.0 = Debug|Any CPU
		{BC6CEA88-07C4-E0E6-D3B9-14682B337B9E}.Release|Any CPU.ActiveCfg = Release|Any CPU
		{BC6CEA88-07C4-E0E6-D3B9-14682B337B9E}.Release|Any CPU.Build.0 = Release|Any CPU
		{43ECEC18-FB55-7ACF-6CBC-EAA17DB81A69}.Debug|Any CPU.ActiveCfg = Debug|Any CPU
		{43ECEC18-FB55-7ACF-6CBC-EAA17DB81A69}.Debug|Any CPU.Build.0 = Debug|Any CPU
		{43ECEC18-FB55-7ACF-6CBC-EAA17DB81A69}.Release|Any CPU.ActiveCfg = Release|Any CPU
		{43ECEC18-FB55-7ACF-6CBC-EAA17DB81A69}.Release|Any CPU.Build.0 = Release|Any CPU
		{4DC4FBC2-2B2E-0E06-EC60-EA883A723EBE}.Debug|Any CPU.ActiveCfg = Debug|Any CPU
		{4DC4FBC2-2B2E-0E06-EC60-EA883A723EBE}.Debug|Any CPU.Build.0 = Debug|Any CPU
		{4DC4FBC2-2B2E-0E06-EC60-EA883A723EBE}.Release|Any CPU.ActiveCfg = Release|Any CPU
		{4DC4FBC2-2B2E-0E06-EC60-EA883A723EBE}.Release|Any CPU.Build.0 = Release|Any CPU
		{DC90D805-8896-494C-A655-368B5D4B4CAE}.Debug|Any CPU.ActiveCfg = Debug|Any CPU
		{DC90D805-8896-494C-A655-368B5D4B4CAE}.Debug|Any CPU.Build.0 = Debug|Any CPU
		{DC90D805-8896-494C-A655-368B5D4B4CAE}.Release|Any CPU.ActiveCfg = Release|Any CPU
		{DC90D805-8896-494C-A655-368B5D4B4CAE}.Release|Any CPU.Build.0 = Release|Any CPU
		{F389CCBA-BD14-3AA0-D328-CA29A371C8B2}.Debug|Any CPU.ActiveCfg = Debug|Any CPU
		{F389CCBA-BD14-3AA0-D328-CA29A371C8B2}.Debug|Any CPU.Build.0 = Debug|Any CPU
		{F389CCBA-BD14-3AA0-D328-CA29A371C8B2}.Release|Any CPU.ActiveCfg = Release|Any CPU
		{F389CCBA-BD14-3AA0-D328-CA29A371C8B2}.Release|Any CPU.Build.0 = Release|Any CPU
		{4B0421BA-8FCD-4224-AF7D-F97B8B471FE7}.Debug|Any CPU.ActiveCfg = Debug|Any CPU
		{4B0421BA-8FCD-4224-AF7D-F97B8B471FE7}.Debug|Any CPU.Build.0 = Debug|Any CPU
		{4B0421BA-8FCD-4224-AF7D-F97B8B471FE7}.Release|Any CPU.ActiveCfg = Release|Any CPU
		{4B0421BA-8FCD-4224-AF7D-F97B8B471FE7}.Release|Any CPU.Build.0 = Release|Any CPU
		{7DF78DF6-CEA0-27D0-A1AE-18AB14D3B163}.Debug|Any CPU.ActiveCfg = Debug|Any CPU
		{7DF78DF6-CEA0-27D0-A1AE-18AB14D3B163}.Debug|Any CPU.Build.0 = Debug|Any CPU
		{7DF78DF6-CEA0-27D0-A1AE-18AB14D3B163}.Release|Any CPU.ActiveCfg = Release|Any CPU
		{7DF78DF6-CEA0-27D0-A1AE-18AB14D3B163}.Release|Any CPU.Build.0 = Release|Any CPU
		{BF289D80-37C6-CCC5-15A9-981AE2DF4228}.Debug|Any CPU.ActiveCfg = Debug|Any CPU
		{BF289D80-37C6-CCC5-15A9-981AE2DF4228}.Debug|Any CPU.Build.0 = Debug|Any CPU
		{BF289D80-37C6-CCC5-15A9-981AE2DF4228}.Release|Any CPU.ActiveCfg = Release|Any CPU
		{BF289D80-37C6-CCC5-15A9-981AE2DF4228}.Release|Any CPU.Build.0 = Release|Any CPU
		{D34107BA-0A58-1D83-7D22-D849E6785622}.Debug|Any CPU.ActiveCfg = Debug|Any CPU
		{D34107BA-0A58-1D83-7D22-D849E6785622}.Debug|Any CPU.Build.0 = Debug|Any CPU
		{D34107BA-0A58-1D83-7D22-D849E6785622}.Release|Any CPU.ActiveCfg = Release|Any CPU
		{D34107BA-0A58-1D83-7D22-D849E6785622}.Release|Any CPU.Build.0 = Release|Any CPU
		{4309F572-3523-D0FF-9B8B-587C609D8C87}.Debug|Any CPU.ActiveCfg = Debug|Any CPU
		{4309F572-3523-D0FF-9B8B-587C609D8C87}.Debug|Any CPU.Build.0 = Debug|Any CPU
		{4309F572-3523-D0FF-9B8B-587C609D8C87}.Release|Any CPU.ActiveCfg = Release|Any CPU
		{4309F572-3523-D0FF-9B8B-587C609D8C87}.Release|Any CPU.Build.0 = Release|Any CPU
		{3CB0E951-CBD0-3E66-D5FF-AFBC4929E708}.Debug|Any CPU.ActiveCfg = Debug|Any CPU
		{3CB0E951-CBD0-3E66-D5FF-AFBC4929E708}.Debug|Any CPU.Build.0 = Debug|Any CPU
		{3CB0E951-CBD0-3E66-D5FF-AFBC4929E708}.Release|Any CPU.ActiveCfg = Release|Any CPU
		{3CB0E951-CBD0-3E66-D5FF-AFBC4929E708}.Release|Any CPU.Build.0 = Release|Any CPU
		{69192486-7816-3408-4402-47E18F4C04F2}.Debug|Any CPU.ActiveCfg = Debug|Any CPU
		{69192486-7816-3408-4402-47E18F4C04F2}.Debug|Any CPU.Build.0 = Debug|Any CPU
		{69192486-7816-3408-4402-47E18F4C04F2}.Release|Any CPU.ActiveCfg = Release|Any CPU
		{69192486-7816-3408-4402-47E18F4C04F2}.Release|Any CPU.Build.0 = Release|Any CPU
		{FF9E0F10-04A8-4FC8-82CB-BA43799D5DDC}.Debug|Any CPU.ActiveCfg = Debug|Any CPU
		{FF9E0F10-04A8-4FC8-82CB-BA43799D5DDC}.Debug|Any CPU.Build.0 = Debug|Any CPU
		{FF9E0F10-04A8-4FC8-82CB-BA43799D5DDC}.Release|Any CPU.ActiveCfg = Release|Any CPU
		{FF9E0F10-04A8-4FC8-82CB-BA43799D5DDC}.Release|Any CPU.Build.0 = Release|Any CPU
		{7970E52F-A9EA-192F-33AA-C14C25542576}.Debug|Any CPU.ActiveCfg = Debug|Any CPU
		{7970E52F-A9EA-192F-33AA-C14C25542576}.Debug|Any CPU.Build.0 = Debug|Any CPU
		{7970E52F-A9EA-192F-33AA-C14C25542576}.Release|Any CPU.ActiveCfg = Release|Any CPU
		{7970E52F-A9EA-192F-33AA-C14C25542576}.Release|Any CPU.Build.0 = Release|Any CPU
		{BEFED4A5-5EDD-E3E7-781F-89C897C7448D}.Debug|Any CPU.ActiveCfg = Debug|Any CPU
		{BEFED4A5-5EDD-E3E7-781F-89C897C7448D}.Debug|Any CPU.Build.0 = Debug|Any CPU
		{BEFED4A5-5EDD-E3E7-781F-89C897C7448D}.Release|Any CPU.ActiveCfg = Release|Any CPU
		{BEFED4A5-5EDD-E3E7-781F-89C897C7448D}.Release|Any CPU.Build.0 = Release|Any CPU
		{901854A5-7A9A-7965-F42E-EEDFCB9F8F53}.Debug|Any CPU.ActiveCfg = Debug|Any CPU
		{901854A5-7A9A-7965-F42E-EEDFCB9F8F53}.Debug|Any CPU.Build.0 = Debug|Any CPU
		{901854A5-7A9A-7965-F42E-EEDFCB9F8F53}.Release|Any CPU.ActiveCfg = Release|Any CPU
		{901854A5-7A9A-7965-F42E-EEDFCB9F8F53}.Release|Any CPU.Build.0 = Release|Any CPU
		{2789DEE8-ECA0-D378-39B5-89F137FA1D19}.Debug|Any CPU.ActiveCfg = Debug|Any CPU
		{2789DEE8-ECA0-D378-39B5-89F137FA1D19}.Debug|Any CPU.Build.0 = Debug|Any CPU
		{2789DEE8-ECA0-D378-39B5-89F137FA1D19}.Release|Any CPU.ActiveCfg = Release|Any CPU
		{2789DEE8-ECA0-D378-39B5-89F137FA1D19}.Release|Any CPU.Build.0 = Release|Any CPU
		{C7D97EFD-0F8C-AFD7-9FB8-2D0A1FEE2193}.Debug|Any CPU.ActiveCfg = Debug|Any CPU
		{C7D97EFD-0F8C-AFD7-9FB8-2D0A1FEE2193}.Debug|Any CPU.Build.0 = Debug|Any CPU
		{C7D97EFD-0F8C-AFD7-9FB8-2D0A1FEE2193}.Release|Any CPU.ActiveCfg = Release|Any CPU
		{C7D97EFD-0F8C-AFD7-9FB8-2D0A1FEE2193}.Release|Any CPU.Build.0 = Release|Any CPU
		{9E702B7F-ED54-30BB-3061-BC6EBC8E3E2C}.Debug|Any CPU.ActiveCfg = Debug|Any CPU
		{9E702B7F-ED54-30BB-3061-BC6EBC8E3E2C}.Debug|Any CPU.Build.0 = Debug|Any CPU
		{9E702B7F-ED54-30BB-3061-BC6EBC8E3E2C}.Release|Any CPU.ActiveCfg = Release|Any CPU
		{9E702B7F-ED54-30BB-3061-BC6EBC8E3E2C}.Release|Any CPU.Build.0 = Release|Any CPU
		{2EEEDBB9-08B7-68B3-8265-A5B24D38813F}.Debug|Any CPU.ActiveCfg = Debug|Any CPU
		{2EEEDBB9-08B7-68B3-8265-A5B24D38813F}.Debug|Any CPU.Build.0 = Debug|Any CPU
		{2EEEDBB9-08B7-68B3-8265-A5B24D38813F}.Release|Any CPU.ActiveCfg = Release|Any CPU
		{2EEEDBB9-08B7-68B3-8265-A5B24D38813F}.Release|Any CPU.Build.0 = Release|Any CPU
		{0D4812EC-46E1-0560-0B2A-45B48B00DDB2}.Debug|Any CPU.ActiveCfg = Debug|Any CPU
		{0D4812EC-46E1-0560-0B2A-45B48B00DDB2}.Debug|Any CPU.Build.0 = Debug|Any CPU
		{0D4812EC-46E1-0560-0B2A-45B48B00DDB2}.Release|Any CPU.ActiveCfg = Release|Any CPU
		{0D4812EC-46E1-0560-0B2A-45B48B00DDB2}.Release|Any CPU.Build.0 = Release|Any CPU
		{9E7EDCD6-B2EC-776A-4647-8DA113CA5EF3}.Debug|Any CPU.ActiveCfg = Debug|Any CPU
		{9E7EDCD6-B2EC-776A-4647-8DA113CA5EF3}.Debug|Any CPU.Build.0 = Debug|Any CPU
		{9E7EDCD6-B2EC-776A-4647-8DA113CA5EF3}.Release|Any CPU.ActiveCfg = Release|Any CPU
		{9E7EDCD6-B2EC-776A-4647-8DA113CA5EF3}.Release|Any CPU.Build.0 = Release|Any CPU
		{B0A9FB88-3B7C-E083-3FB7-B8702BE6B634}.Debug|Any CPU.ActiveCfg = Debug|Any CPU
		{B0A9FB88-3B7C-E083-3FB7-B8702BE6B634}.Debug|Any CPU.Build.0 = Debug|Any CPU
		{B0A9FB88-3B7C-E083-3FB7-B8702BE6B634}.Release|Any CPU.ActiveCfg = Release|Any CPU
		{B0A9FB88-3B7C-E083-3FB7-B8702BE6B634}.Release|Any CPU.Build.0 = Release|Any CPU
		{C9D11C2F-6969-6BE0-6F5A-DC6343DDCD25}.Debug|Any CPU.ActiveCfg = Debug|Any CPU
		{C9D11C2F-6969-6BE0-6F5A-DC6343DDCD25}.Debug|Any CPU.Build.0 = Debug|Any CPU
		{C9D11C2F-6969-6BE0-6F5A-DC6343DDCD25}.Release|Any CPU.ActiveCfg = Release|Any CPU
		{C9D11C2F-6969-6BE0-6F5A-DC6343DDCD25}.Release|Any CPU.Build.0 = Release|Any CPU
		{B1BC1333-8B1B-8085-97CD-286033EF4B17}.Debug|Any CPU.ActiveCfg = Debug|Any CPU
		{B1BC1333-8B1B-8085-97CD-286033EF4B17}.Debug|Any CPU.Build.0 = Debug|Any CPU
		{B1BC1333-8B1B-8085-97CD-286033EF4B17}.Release|Any CPU.ActiveCfg = Release|Any CPU
		{B1BC1333-8B1B-8085-97CD-286033EF4B17}.Release|Any CPU.Build.0 = Release|Any CPU
		{3D8F89BB-6EE9-3260-F8B3-9A2118AAA16B}.Debug|Any CPU.ActiveCfg = Debug|Any CPU
		{3D8F89BB-6EE9-3260-F8B3-9A2118AAA16B}.Debug|Any CPU.Build.0 = Debug|Any CPU
		{3D8F89BB-6EE9-3260-F8B3-9A2118AAA16B}.Release|Any CPU.ActiveCfg = Release|Any CPU
		{3D8F89BB-6EE9-3260-F8B3-9A2118AAA16B}.Release|Any CPU.Build.0 = Release|Any CPU
		{3EF8ADB9-238F-A0F5-0AD3-7114EE0483A5}.Debug|Any CPU.ActiveCfg = Debug|Any CPU
		{3EF8ADB9-238F-A0F5-0AD3-7114EE0483A5}.Debug|Any CPU.Build.0 = Debug|Any CPU
		{3EF8ADB9-238F-A0F5-0AD3-7114EE0483A5}.Release|Any CPU.ActiveCfg = Release|Any CPU
		{3EF8ADB9-238F-A0F5-0AD3-7114EE0483A5}.Release|Any CPU.Build.0 = Release|Any CPU
		{8A2FE8B5-52EA-BE58-7859-9F0A96B21C47}.Debug|Any CPU.ActiveCfg = Debug|Any CPU
		{8A2FE8B5-52EA-BE58-7859-9F0A96B21C47}.Debug|Any CPU.Build.0 = Debug|Any CPU
		{8A2FE8B5-52EA-BE58-7859-9F0A96B21C47}.Release|Any CPU.ActiveCfg = Release|Any CPU
		{8A2FE8B5-52EA-BE58-7859-9F0A96B21C47}.Release|Any CPU.Build.0 = Release|Any CPU
		{88650325-03CA-B06F-E3C9-D342D2694993}.Debug|Any CPU.ActiveCfg = Debug|Any CPU
		{88650325-03CA-B06F-E3C9-D342D2694993}.Debug|Any CPU.Build.0 = Debug|Any CPU
		{88650325-03CA-B06F-E3C9-D342D2694993}.Release|Any CPU.ActiveCfg = Release|Any CPU
		{88650325-03CA-B06F-E3C9-D342D2694993}.Release|Any CPU.Build.0 = Release|Any CPU
		{30EB87B6-95CA-4135-0AB8-D87E2B9C691E}.Debug|Any CPU.ActiveCfg = Debug|Any CPU
		{30EB87B6-95CA-4135-0AB8-D87E2B9C691E}.Debug|Any CPU.Build.0 = Debug|Any CPU
		{30EB87B6-95CA-4135-0AB8-D87E2B9C691E}.Release|Any CPU.ActiveCfg = Release|Any CPU
		{30EB87B6-95CA-4135-0AB8-D87E2B9C691E}.Release|Any CPU.Build.0 = Release|Any CPU
		{91B825D2-0686-78BE-883A-BAD2A733B874}.Debug|Any CPU.ActiveCfg = Debug|Any CPU
		{91B825D2-0686-78BE-883A-BAD2A733B874}.Debug|Any CPU.Build.0 = Debug|Any CPU
		{91B825D2-0686-78BE-883A-BAD2A733B874}.Release|Any CPU.ActiveCfg = Release|Any CPU
		{91B825D2-0686-78BE-883A-BAD2A733B874}.Release|Any CPU.Build.0 = Release|Any CPU
		{72A28CF2-3886-3746-A74C-A5C3A3F4DBF4}.Debug|Any CPU.ActiveCfg = Debug|Any CPU
		{72A28CF2-3886-3746-A74C-A5C3A3F4DBF4}.Debug|Any CPU.Build.0 = Debug|Any CPU
		{72A28CF2-3886-3746-A74C-A5C3A3F4DBF4}.Release|Any CPU.ActiveCfg = Release|Any CPU
		{72A28CF2-3886-3746-A74C-A5C3A3F4DBF4}.Release|Any CPU.Build.0 = Release|Any CPU
	EndGlobalSection
	GlobalSection(SolutionProperties) = preSolution
		HideSolutionNode = FALSE
	EndGlobalSection
EndGlobal
